// !$*UTF8*$!
{
	archiveVersion = 1;
	classes = {
	};
	objectVersion = 55;
	objects = {

/* Begin PBXBuildFile section */
		D436DA3627A9462C007FF5F0 /* ContactListView.swift in Sources */ = {isa = PBXBuildFile; fileRef = D436DA3527A9462C007FF5F0 /* ContactListView.swift */; };
		D436DA3727A9462C007FF5F0 /* ContactListView.swift in Sources */ = {isa = PBXBuildFile; fileRef = D436DA3527A9462C007FF5F0 /* ContactListView.swift */; };
		D43856ED27B53A29000F7F85 /* PersonDetailsDisplayView.swift in Sources */ = {isa = PBXBuildFile; fileRef = D43856EC27B53A29000F7F85 /* PersonDetailsDisplayView.swift */; };
		D43856EE27B53A29000F7F85 /* PersonDetailsDisplayView.swift in Sources */ = {isa = PBXBuildFile; fileRef = D43856EC27B53A29000F7F85 /* PersonDetailsDisplayView.swift */; };
		D4A0075927B0EFD600BC31A9 /* ModifierView.swift in Sources */ = {isa = PBXBuildFile; fileRef = D4A0075827B0EFD600BC31A9 /* ModifierView.swift */; };
		D4B5DFAC27BCB86B00A23EAE /* PersonDetailsDisplayViewModel.swift in Sources */ = {isa = PBXBuildFile; fileRef = D4B5DFAB27BCB86B00A23EAE /* PersonDetailsDisplayViewModel.swift */; };
		D4B5DFAD27BCB86B00A23EAE /* PersonDetailsDisplayViewModel.swift in Sources */ = {isa = PBXBuildFile; fileRef = D4B5DFAB27BCB86B00A23EAE /* PersonDetailsDisplayViewModel.swift */; };
		D4C3930E27B23E7D006CC3E9 /* LogInViewModel.swift in Sources */ = {isa = PBXBuildFile; fileRef = D4C3930D27B23E7D006CC3E9 /* LogInViewModel.swift */; };
		D4C3930F27B23E7D006CC3E9 /* LogInViewModel.swift in Sources */ = {isa = PBXBuildFile; fileRef = D4C3930D27B23E7D006CC3E9 /* LogInViewModel.swift */; };
		D4C3931127B2B9AD006CC3E9 /* ContactListViewModel.swift in Sources */ = {isa = PBXBuildFile; fileRef = D4C3931027B2B9AD006CC3E9 /* ContactListViewModel.swift */; };
		D4C3931227B2B9AD006CC3E9 /* ContactListViewModel.swift in Sources */ = {isa = PBXBuildFile; fileRef = D4C3931027B2B9AD006CC3E9 /* ContactListViewModel.swift */; };
		D4C3931427B2BAB9006CC3E9 /* ContactListCellView.swift in Sources */ = {isa = PBXBuildFile; fileRef = D4C3931327B2BAB9006CC3E9 /* ContactListCellView.swift */; };
		D4C3931527B2BAB9006CC3E9 /* ContactListCellView.swift in Sources */ = {isa = PBXBuildFile; fileRef = D4C3931327B2BAB9006CC3E9 /* ContactListCellView.swift */; };
		D4CA84C127B37F1100CCA7F1 /* Constants.swift in Sources */ = {isa = PBXBuildFile; fileRef = D4CA84C027B37F1100CCA7F1 /* Constants.swift */; };
		D4CA84C227B37F1100CCA7F1 /* Constants.swift in Sources */ = {isa = PBXBuildFile; fileRef = D4CA84C027B37F1100CCA7F1 /* Constants.swift */; };
		D4CA84C427B381B600CCA7F1 /* UserDeatils.swift in Sources */ = {isa = PBXBuildFile; fileRef = D4CA84C327B381B600CCA7F1 /* UserDeatils.swift */; };
		D4CA84C527B381B600CCA7F1 /* UserDeatils.swift in Sources */ = {isa = PBXBuildFile; fileRef = D4CA84C327B381B600CCA7F1 /* UserDeatils.swift */; };
		D4D06A5627BA6882000A61D9 /* UserData.swift in Sources */ = {isa = PBXBuildFile; fileRef = D4D06A5527BA6882000A61D9 /* UserData.swift */; };
		D4D06A5727BA6882000A61D9 /* UserData.swift in Sources */ = {isa = PBXBuildFile; fileRef = D4D06A5527BA6882000A61D9 /* UserData.swift */; };
		D4D06A5F27BA6F5B000A61D9 /* PersistenceManager.swift in Sources */ = {isa = PBXBuildFile; fileRef = D4D06A5E27BA6F5A000A61D9 /* PersistenceManager.swift */; };
		D4D06A6027BA6F5B000A61D9 /* PersistenceManager.swift in Sources */ = {isa = PBXBuildFile; fileRef = D4D06A5E27BA6F5A000A61D9 /* PersistenceManager.swift */; };
		D4D06A6927BA92F9000A61D9 /* ContactList.xcdatamodeld in Sources */ = {isa = PBXBuildFile; fileRef = D423707327BA1EB1001A110F /* ContactList.xcdatamodeld */; };
		D4D06A6A27BA92FC000A61D9 /* Users+CoreDataClass.swift in Sources */ = {isa = PBXBuildFile; fileRef = D4D06A5827BA6A2F000A61D9 /* Users+CoreDataClass.swift */; };
		D4D06A6C27BA93B3000A61D9 /* Users+CoreDataClass.swift in Sources */ = {isa = PBXBuildFile; fileRef = D4D06A5827BA6A2F000A61D9 /* Users+CoreDataClass.swift */; };
		D4D06A6D27BA93B9000A61D9 /* Users+CoreDataProperties.swift in Sources */ = {isa = PBXBuildFile; fileRef = D4D06A5927BA6A2F000A61D9 /* Users+CoreDataProperties.swift */; };
		D4D06A6E27BA944C000A61D9 /* Users+CoreDataProperties.swift in Sources */ = {isa = PBXBuildFile; fileRef = D4D06A5927BA6A2F000A61D9 /* Users+CoreDataProperties.swift */; };
		D4D06A6F27BAA734000A61D9 /* ContactList.xcdatamodeld in Sources */ = {isa = PBXBuildFile; fileRef = D423707327BA1EB1001A110F /* ContactList.xcdatamodeld */; };
		D4D2334727A7CF8B00C8D3C6 /* ContactListApp.swift in Sources */ = {isa = PBXBuildFile; fileRef = D4D2333727A7CF8800C8D3C6 /* ContactListApp.swift */; };
		D4D2334827A7CF8B00C8D3C6 /* ContactListApp.swift in Sources */ = {isa = PBXBuildFile; fileRef = D4D2333727A7CF8800C8D3C6 /* ContactListApp.swift */; };
		D4D2334927A7CF8B00C8D3C6 /* ContentView.swift in Sources */ = {isa = PBXBuildFile; fileRef = D4D2333827A7CF8800C8D3C6 /* ContentView.swift */; };
		D4D2334A27A7CF8B00C8D3C6 /* ContentView.swift in Sources */ = {isa = PBXBuildFile; fileRef = D4D2333827A7CF8800C8D3C6 /* ContentView.swift */; };
		D4D2334B27A7CF8B00C8D3C6 /* Assets.xcassets in Resources */ = {isa = PBXBuildFile; fileRef = D4D2333927A7CF8B00C8D3C6 /* Assets.xcassets */; };
		D4D2334C27A7CF8B00C8D3C6 /* Assets.xcassets in Resources */ = {isa = PBXBuildFile; fileRef = D4D2333927A7CF8B00C8D3C6 /* Assets.xcassets */; };
		D4D2335A27A7D66000C8D3C6 /* CustomViews.swift in Sources */ = {isa = PBXBuildFile; fileRef = D4D2335927A7D66000C8D3C6 /* CustomViews.swift */; };
		D4D2335E27A7DA2C00C8D3C6 /* Lato-Regular.ttf in Resources */ = {isa = PBXBuildFile; fileRef = D4D2335C27A7DA2C00C8D3C6 /* Lato-Regular.ttf */; };
		D4D2335F27A7DA2C00C8D3C6 /* Lato-Regular.ttf in Resources */ = {isa = PBXBuildFile; fileRef = D4D2335C27A7DA2C00C8D3C6 /* Lato-Regular.ttf */; };
		D4D2336027A7DA2C00C8D3C6 /* Lato-Semibold.ttf in Resources */ = {isa = PBXBuildFile; fileRef = D4D2335D27A7DA2C00C8D3C6 /* Lato-Semibold.ttf */; };
		D4D2336127A7DA2C00C8D3C6 /* Lato-Semibold.ttf in Resources */ = {isa = PBXBuildFile; fileRef = D4D2335D27A7DA2C00C8D3C6 /* Lato-Semibold.ttf */; };
		D4D2336327A7DA3E00C8D3C6 /* Lato-Bold.ttf in Resources */ = {isa = PBXBuildFile; fileRef = D4D2336227A7DA3E00C8D3C6 /* Lato-Bold.ttf */; };
		D4D2336427A7DA3E00C8D3C6 /* Lato-Bold.ttf in Resources */ = {isa = PBXBuildFile; fileRef = D4D2336227A7DA3E00C8D3C6 /* Lato-Bold.ttf */; };
		D4D2336627A7DB7700C8D3C6 /* UIColor+Additions.swift in Sources */ = {isa = PBXBuildFile; fileRef = D4D2336527A7DB7700C8D3C6 /* UIColor+Additions.swift */; };
		D4D2336727A7DB7700C8D3C6 /* UIColor+Additions.swift in Sources */ = {isa = PBXBuildFile; fileRef = D4D2336527A7DB7700C8D3C6 /* UIColor+Additions.swift */; };
		D4D2336A27A8E68800C8D3C6 /* SignUpView.swift in Sources */ = {isa = PBXBuildFile; fileRef = D4D2336927A8E68800C8D3C6 /* SignUpView.swift */; };
		D4D2336B27A8E68800C8D3C6 /* SignUpView.swift in Sources */ = {isa = PBXBuildFile; fileRef = D4D2336927A8E68800C8D3C6 /* SignUpView.swift */; };
		D4D2336D27A9012300C8D3C6 /* SignUpViewModel.swift in Sources */ = {isa = PBXBuildFile; fileRef = D4D2336C27A9012300C8D3C6 /* SignUpViewModel.swift */; };
		D4D2336E27A9012300C8D3C6 /* SignUpViewModel.swift in Sources */ = {isa = PBXBuildFile; fileRef = D4D2336C27A9012300C8D3C6 /* SignUpViewModel.swift */; };
/* End PBXBuildFile section */

/* Begin PBXFileReference section */
		D423707427BA1EB1001A110F /* ContactList.xcdatamodel */ = {isa = PBXFileReference; lastKnownFileType = wrapper.xcdatamodel; path = ContactList.xcdatamodel; sourceTree = "<group>"; };
		D436DA3527A9462C007FF5F0 /* ContactListView.swift */ = {isa = PBXFileReference; lastKnownFileType = sourcecode.swift; path = ContactListView.swift; sourceTree = "<group>"; };
		D43856EC27B53A29000F7F85 /* PersonDetailsDisplayView.swift */ = {isa = PBXFileReference; lastKnownFileType = sourcecode.swift; path = PersonDetailsDisplayView.swift; sourceTree = "<group>"; };
		D4A0075827B0EFD600BC31A9 /* ModifierView.swift */ = {isa = PBXFileReference; lastKnownFileType = sourcecode.swift; path = ModifierView.swift; sourceTree = "<group>"; };
		D4B5DFAB27BCB86B00A23EAE /* PersonDetailsDisplayViewModel.swift */ = {isa = PBXFileReference; lastKnownFileType = sourcecode.swift; path = PersonDetailsDisplayViewModel.swift; sourceTree = "<group>"; };
		D4C3930D27B23E7D006CC3E9 /* LogInViewModel.swift */ = {isa = PBXFileReference; lastKnownFileType = sourcecode.swift; path = LogInViewModel.swift; sourceTree = "<group>"; };
		D4C3931027B2B9AD006CC3E9 /* ContactListViewModel.swift */ = {isa = PBXFileReference; lastKnownFileType = sourcecode.swift; path = ContactListViewModel.swift; sourceTree = "<group>"; };
		D4C3931327B2BAB9006CC3E9 /* ContactListCellView.swift */ = {isa = PBXFileReference; lastKnownFileType = sourcecode.swift; path = ContactListCellView.swift; sourceTree = "<group>"; };
		D4CA84C027B37F1100CCA7F1 /* Constants.swift */ = {isa = PBXFileReference; lastKnownFileType = sourcecode.swift; path = Constants.swift; sourceTree = "<group>"; };
		D4CA84C327B381B600CCA7F1 /* UserDeatils.swift */ = {isa = PBXFileReference; lastKnownFileType = sourcecode.swift; path = UserDeatils.swift; sourceTree = "<group>"; };
		D4D06A5527BA6882000A61D9 /* UserData.swift */ = {isa = PBXFileReference; lastKnownFileType = sourcecode.swift; path = UserData.swift; sourceTree = "<group>"; };
		D4D06A5827BA6A2F000A61D9 /* Users+CoreDataClass.swift */ = {isa = PBXFileReference; lastKnownFileType = sourcecode.swift; path = "Users+CoreDataClass.swift"; sourceTree = "<group>"; };
		D4D06A5927BA6A2F000A61D9 /* Users+CoreDataProperties.swift */ = {isa = PBXFileReference; lastKnownFileType = sourcecode.swift; path = "Users+CoreDataProperties.swift"; sourceTree = "<group>"; };
		D4D06A5E27BA6F5A000A61D9 /* PersistenceManager.swift */ = {isa = PBXFileReference; lastKnownFileType = sourcecode.swift; path = PersistenceManager.swift; sourceTree = "<group>"; };
		D4D2333727A7CF8800C8D3C6 /* ContactListApp.swift */ = {isa = PBXFileReference; lastKnownFileType = sourcecode.swift; path = ContactListApp.swift; sourceTree = "<group>"; };
		D4D2333827A7CF8800C8D3C6 /* ContentView.swift */ = {isa = PBXFileReference; lastKnownFileType = sourcecode.swift; path = ContentView.swift; sourceTree = "<group>"; };
		D4D2333927A7CF8B00C8D3C6 /* Assets.xcassets */ = {isa = PBXFileReference; lastKnownFileType = folder.assetcatalog; path = Assets.xcassets; sourceTree = "<group>"; };
		D4D2333E27A7CF8B00C8D3C6 /* ContactList.app */ = {isa = PBXFileReference; explicitFileType = wrapper.application; includeInIndex = 0; path = ContactList.app; sourceTree = BUILT_PRODUCTS_DIR; };
		D4D2334427A7CF8B00C8D3C6 /* ContactList.app */ = {isa = PBXFileReference; explicitFileType = wrapper.application; includeInIndex = 0; path = ContactList.app; sourceTree = BUILT_PRODUCTS_DIR; };
		D4D2334627A7CF8B00C8D3C6 /* macOS.entitlements */ = {isa = PBXFileReference; lastKnownFileType = text.plist.entitlements; path = macOS.entitlements; sourceTree = "<group>"; };
		D4D2335527A7D2F900C8D3C6 /* ContactList--iOS--Info.plist */ = {isa = PBXFileReference; lastKnownFileType = text.plist; path = "ContactList--iOS--Info.plist"; sourceTree = "<group>"; };
		D4D2335927A7D66000C8D3C6 /* CustomViews.swift */ = {isa = PBXFileReference; lastKnownFileType = sourcecode.swift; path = CustomViews.swift; sourceTree = "<group>"; };
		D4D2335C27A7DA2C00C8D3C6 /* Lato-Regular.ttf */ = {isa = PBXFileReference; lastKnownFileType = file; path = "Lato-Regular.ttf"; sourceTree = "<group>"; };
		D4D2335D27A7DA2C00C8D3C6 /* Lato-Semibold.ttf */ = {isa = PBXFileReference; lastKnownFileType = file; path = "Lato-Semibold.ttf"; sourceTree = "<group>"; };
		D4D2336227A7DA3E00C8D3C6 /* Lato-Bold.ttf */ = {isa = PBXFileReference; lastKnownFileType = file; path = "Lato-Bold.ttf"; sourceTree = "<group>"; };
		D4D2336527A7DB7700C8D3C6 /* UIColor+Additions.swift */ = {isa = PBXFileReference; fileEncoding = 4; lastKnownFileType = sourcecode.swift; path = "UIColor+Additions.swift"; sourceTree = "<group>"; };
		D4D2336927A8E68800C8D3C6 /* SignUpView.swift */ = {isa = PBXFileReference; lastKnownFileType = sourcecode.swift; path = SignUpView.swift; sourceTree = "<group>"; };
		D4D2336C27A9012300C8D3C6 /* SignUpViewModel.swift */ = {isa = PBXFileReference; lastKnownFileType = sourcecode.swift; path = SignUpViewModel.swift; sourceTree = "<group>"; wrapsLines = 1; };
/* End PBXFileReference section */

/* Begin PBXFrameworksBuildPhase section */
		D4D2333B27A7CF8B00C8D3C6 /* Frameworks */ = {
			isa = PBXFrameworksBuildPhase;
			buildActionMask = 2147483647;
			files = (
			);
			runOnlyForDeploymentPostprocessing = 0;
		};
		D4D2334127A7CF8B00C8D3C6 /* Frameworks */ = {
			isa = PBXFrameworksBuildPhase;
			buildActionMask = 2147483647;
			files = (
			);
			runOnlyForDeploymentPostprocessing = 0;
		};
/* End PBXFrameworksBuildPhase section */

/* Begin PBXGroup section */
		D423707527BA22D0001A110F /* coreDataModel */ = {
			isa = PBXGroup;
			children = (
				D423707327BA1EB1001A110F /* ContactList.xcdatamodeld */,
				D4D06A5827BA6A2F000A61D9 /* Users+CoreDataClass.swift */,
				D4D06A5927BA6A2F000A61D9 /* Users+CoreDataProperties.swift */,
			);
			path = coreDataModel;
			sourceTree = "<group>";
		};
		D4D2333127A7CF8700C8D3C6 = {
			isa = PBXGroup;
			children = (
				D4D2335527A7D2F900C8D3C6 /* ContactList--iOS--Info.plist */,
				D4D2333627A7CF8800C8D3C6 /* Shared */,
				D4D2334527A7CF8B00C8D3C6 /* macOS */,
				D4D2333F27A7CF8B00C8D3C6 /* Products */,
			);
			sourceTree = "<group>";
		};
		D4D2333627A7CF8800C8D3C6 /* Shared */ = {
			isa = PBXGroup;
			children = (
				D4D2333727A7CF8800C8D3C6 /* ContactListApp.swift */,
				D423707527BA22D0001A110F /* coreDataModel */,
				D4D2335627A7D5D800C8D3C6 /* View */,
				D4D2335727A7D5ED00C8D3C6 /* ViewModel */,
				D4D2335827A7D60F00C8D3C6 /* Helper */,
				D4D2336827A7EBD200C8D3C6 /* extensions */,
				D4D2333927A7CF8B00C8D3C6 /* Assets.xcassets */,
			);
			path = Shared;
			sourceTree = "<group>";
		};
		D4D2333F27A7CF8B00C8D3C6 /* Products */ = {
			isa = PBXGroup;
			children = (
				D4D2333E27A7CF8B00C8D3C6 /* ContactList.app */,
				D4D2334427A7CF8B00C8D3C6 /* ContactList.app */,
			);
			name = Products;
			sourceTree = "<group>";
		};
		D4D2334527A7CF8B00C8D3C6 /* macOS */ = {
			isa = PBXGroup;
			children = (
				D4D2334627A7CF8B00C8D3C6 /* macOS.entitlements */,
			);
			path = macOS;
			sourceTree = "<group>";
		};
		D4D2335627A7D5D800C8D3C6 /* View */ = {
			isa = PBXGroup;
			children = (
				D4D2333827A7CF8800C8D3C6 /* ContentView.swift */,
				D4D2336927A8E68800C8D3C6 /* SignUpView.swift */,
				D436DA3527A9462C007FF5F0 /* ContactListView.swift */,
				D4C3931327B2BAB9006CC3E9 /* ContactListCellView.swift */,
				D43856EC27B53A29000F7F85 /* PersonDetailsDisplayView.swift */,
			);
			path = View;
			sourceTree = "<group>";
		};
		D4D2335727A7D5ED00C8D3C6 /* ViewModel */ = {
			isa = PBXGroup;
			children = (
				D4D2336C27A9012300C8D3C6 /* SignUpViewModel.swift */,
				D4C3930D27B23E7D006CC3E9 /* LogInViewModel.swift */,
				D4C3931027B2B9AD006CC3E9 /* ContactListViewModel.swift */,
				D4B5DFAB27BCB86B00A23EAE /* PersonDetailsDisplayViewModel.swift */,
			);
			path = ViewModel;
			sourceTree = "<group>";
		};
		D4D2335827A7D60F00C8D3C6 /* Helper */ = {
			isa = PBXGroup;
			children = (
				D4D2335927A7D66000C8D3C6 /* CustomViews.swift */,
				D4A0075827B0EFD600BC31A9 /* ModifierView.swift */,
				D4CA84C027B37F1100CCA7F1 /* Constants.swift */,
				D4CA84C327B381B600CCA7F1 /* UserDeatils.swift */,
				D4D06A5527BA6882000A61D9 /* UserData.swift */,
				D4D06A5E27BA6F5A000A61D9 /* PersistenceManager.swift */,
			);
			path = Helper;
			sourceTree = "<group>";
		};
		D4D2335B27A7DA1800C8D3C6 /* Fonts */ = {
			isa = PBXGroup;
			children = (
				D4D2335C27A7DA2C00C8D3C6 /* Lato-Regular.ttf */,
				D4D2335D27A7DA2C00C8D3C6 /* Lato-Semibold.ttf */,
				D4D2336227A7DA3E00C8D3C6 /* Lato-Bold.ttf */,
			);
			path = Fonts;
			sourceTree = "<group>";
		};
		D4D2336827A7EBD200C8D3C6 /* extensions */ = {
			isa = PBXGroup;
			children = (
				D4D2335B27A7DA1800C8D3C6 /* Fonts */,
				D4D2336527A7DB7700C8D3C6 /* UIColor+Additions.swift */,
			);
			path = extensions;
			sourceTree = "<group>";
		};
/* End PBXGroup section */

/* Begin PBXNativeTarget section */
		D4D2333D27A7CF8B00C8D3C6 /* ContactList (iOS) */ = {
			isa = PBXNativeTarget;
			buildConfigurationList = D4D2334F27A7CF8B00C8D3C6 /* Build configuration list for PBXNativeTarget "ContactList (iOS)" */;
			buildPhases = (
				D4D2333A27A7CF8B00C8D3C6 /* Sources */,
				D4D2333B27A7CF8B00C8D3C6 /* Frameworks */,
				D4D2333C27A7CF8B00C8D3C6 /* Resources */,
			);
			buildRules = (
			);
			dependencies = (
			);
			name = "ContactList (iOS)";
			productName = "ContactList (iOS)";
			productReference = D4D2333E27A7CF8B00C8D3C6 /* ContactList.app */;
			productType = "com.apple.product-type.application";
		};
		D4D2334327A7CF8B00C8D3C6 /* ContactList (macOS) */ = {
			isa = PBXNativeTarget;
			buildConfigurationList = D4D2335227A7CF8B00C8D3C6 /* Build configuration list for PBXNativeTarget "ContactList (macOS)" */;
			buildPhases = (
				D4D2334027A7CF8B00C8D3C6 /* Sources */,
				D4D2334127A7CF8B00C8D3C6 /* Frameworks */,
				D4D2334227A7CF8B00C8D3C6 /* Resources */,
			);
			buildRules = (
			);
			dependencies = (
			);
			name = "ContactList (macOS)";
			productName = "ContactList (macOS)";
			productReference = D4D2334427A7CF8B00C8D3C6 /* ContactList.app */;
			productType = "com.apple.product-type.application";
		};
/* End PBXNativeTarget section */

/* Begin PBXProject section */
		D4D2333227A7CF8700C8D3C6 /* Project object */ = {
			isa = PBXProject;
			attributes = {
				BuildIndependentTargetsInParallel = 1;
				LastSwiftUpdateCheck = 1310;
				LastUpgradeCheck = 1310;
				TargetAttributes = {
					D4D2333D27A7CF8B00C8D3C6 = {
						CreatedOnToolsVersion = 13.1;
					};
					D4D2334327A7CF8B00C8D3C6 = {
						CreatedOnToolsVersion = 13.1;
					};
				};
			};
			buildConfigurationList = D4D2333527A7CF8700C8D3C6 /* Build configuration list for PBXProject "ContactList" */;
			compatibilityVersion = "Xcode 13.0";
			developmentRegion = en;
			hasScannedForEncodings = 0;
			knownRegions = (
				en,
				Base,
			);
			mainGroup = D4D2333127A7CF8700C8D3C6;
			productRefGroup = D4D2333F27A7CF8B00C8D3C6 /* Products */;
			projectDirPath = "";
			projectRoot = "";
			targets = (
				D4D2333D27A7CF8B00C8D3C6 /* ContactList (iOS) */,
				D4D2334327A7CF8B00C8D3C6 /* ContactList (macOS) */,
			);
		};
/* End PBXProject section */

/* Begin PBXResourcesBuildPhase section */
		D4D2333C27A7CF8B00C8D3C6 /* Resources */ = {
			isa = PBXResourcesBuildPhase;
			buildActionMask = 2147483647;
			files = (
				D4D2334B27A7CF8B00C8D3C6 /* Assets.xcassets in Resources */,
				D4D2335E27A7DA2C00C8D3C6 /* Lato-Regular.ttf in Resources */,
				D4D2336027A7DA2C00C8D3C6 /* Lato-Semibold.ttf in Resources */,
				D4D2336327A7DA3E00C8D3C6 /* Lato-Bold.ttf in Resources */,
			);
			runOnlyForDeploymentPostprocessing = 0;
		};
		D4D2334227A7CF8B00C8D3C6 /* Resources */ = {
			isa = PBXResourcesBuildPhase;
			buildActionMask = 2147483647;
			files = (
				D4D2334C27A7CF8B00C8D3C6 /* Assets.xcassets in Resources */,
				D4D2335F27A7DA2C00C8D3C6 /* Lato-Regular.ttf in Resources */,
				D4D2336127A7DA2C00C8D3C6 /* Lato-Semibold.ttf in Resources */,
				D4D2336427A7DA3E00C8D3C6 /* Lato-Bold.ttf in Resources */,
			);
			runOnlyForDeploymentPostprocessing = 0;
		};
/* End PBXResourcesBuildPhase section */

/* Begin PBXSourcesBuildPhase section */
		D4D2333A27A7CF8B00C8D3C6 /* Sources */ = {
			isa = PBXSourcesBuildPhase;
			buildActionMask = 2147483647;
			files = (
				D4D06A6927BA92F9000A61D9 /* ContactList.xcdatamodeld in Sources */,
				D4D2334927A7CF8B00C8D3C6 /* ContentView.swift in Sources */,
				D436DA3627A9462C007FF5F0 /* ContactListView.swift in Sources */,
				D4D2336A27A8E68800C8D3C6 /* SignUpView.swift in Sources */,
				D4CA84C427B381B600CCA7F1 /* UserDeatils.swift in Sources */,
				D4D2336627A7DB7700C8D3C6 /* UIColor+Additions.swift in Sources */,
				D4C3930E27B23E7D006CC3E9 /* LogInViewModel.swift in Sources */,
				D4D06A5627BA6882000A61D9 /* UserData.swift in Sources */,
				D4D06A6A27BA92FC000A61D9 /* Users+CoreDataClass.swift in Sources */,
				D4D2335A27A7D66000C8D3C6 /* CustomViews.swift in Sources */,
				D4D2336D27A9012300C8D3C6 /* SignUpViewModel.swift in Sources */,
				D4D2334727A7CF8B00C8D3C6 /* ContactListApp.swift in Sources */,
				D4D06A6E27BA944C000A61D9 /* Users+CoreDataProperties.swift in Sources */,
				D43856ED27B53A29000F7F85 /* PersonDetailsDisplayView.swift in Sources */,
				D4A0075927B0EFD600BC31A9 /* ModifierView.swift in Sources */,
				D4C3931427B2BAB9006CC3E9 /* ContactListCellView.swift in Sources */,
				D4C3931127B2B9AD006CC3E9 /* ContactListViewModel.swift in Sources */,
				D4B5DFAC27BCB86B00A23EAE /* PersonDetailsDisplayViewModel.swift in Sources */,
				D4D06A5F27BA6F5B000A61D9 /* PersistenceManager.swift in Sources */,
				D4CA84C127B37F1100CCA7F1 /* Constants.swift in Sources */,
			);
			runOnlyForDeploymentPostprocessing = 0;
		};
		D4D2334027A7CF8B00C8D3C6 /* Sources */ = {
			isa = PBXSourcesBuildPhase;
			buildActionMask = 2147483647;
			files = (
				D4D06A6F27BAA734000A61D9 /* ContactList.xcdatamodeld in Sources */,
				D4C3930F27B23E7D006CC3E9 /* LogInViewModel.swift in Sources */,
				D4C3931527B2BAB9006CC3E9 /* ContactListCellView.swift in Sources */,
				D4D06A6027BA6F5B000A61D9 /* PersistenceManager.swift in Sources */,
				D4C3931227B2B9AD006CC3E9 /* ContactListViewModel.swift in Sources */,
				D4D2336B27A8E68800C8D3C6 /* SignUpView.swift in Sources */,
				D4D2334A27A7CF8B00C8D3C6 /* ContentView.swift in Sources */,
				D4D06A6D27BA93B9000A61D9 /* Users+CoreDataProperties.swift in Sources */,
				D4CA84C227B37F1100CCA7F1 /* Constants.swift in Sources */,
				D4D06A5727BA6882000A61D9 /* UserData.swift in Sources */,
				D4D06A6C27BA93B3000A61D9 /* Users+CoreDataClass.swift in Sources */,
				D4D2336E27A9012300C8D3C6 /* SignUpViewModel.swift in Sources */,
				D43856EE27B53A29000F7F85 /* PersonDetailsDisplayView.swift in Sources */,
				D4CA84C527B381B600CCA7F1 /* UserDeatils.swift in Sources */,
				D436DA3727A9462C007FF5F0 /* ContactListView.swift in Sources */,
				D4D2334827A7CF8B00C8D3C6 /* ContactListApp.swift in Sources */,
				D4D2336727A7DB7700C8D3C6 /* UIColor+Additions.swift in Sources */,
				D4B5DFAD27BCB86B00A23EAE /* PersonDetailsDisplayViewModel.swift in Sources */,
			);
			runOnlyForDeploymentPostprocessing = 0;
		};
/* End PBXSourcesBuildPhase section */

/* Begin XCBuildConfiguration section */
		D4D2334D27A7CF8B00C8D3C6 /* Debug */ = {
			isa = XCBuildConfiguration;
			buildSettings = {
				ALWAYS_SEARCH_USER_PATHS = NO;
				CLANG_ANALYZER_NONNULL = YES;
				CLANG_ANALYZER_NUMBER_OBJECT_CONVERSION = YES_AGGRESSIVE;
				CLANG_CXX_LANGUAGE_STANDARD = "gnu++17";
				CLANG_CXX_LIBRARY = "libc++";
				CLANG_ENABLE_MODULES = YES;
				CLANG_ENABLE_OBJC_ARC = YES;
				CLANG_ENABLE_OBJC_WEAK = YES;
				CLANG_WARN_BLOCK_CAPTURE_AUTORELEASING = YES;
				CLANG_WARN_BOOL_CONVERSION = YES;
				CLANG_WARN_COMMA = YES;
				CLANG_WARN_CONSTANT_CONVERSION = YES;
				CLANG_WARN_DEPRECATED_OBJC_IMPLEMENTATIONS = YES;
				CLANG_WARN_DIRECT_OBJC_ISA_USAGE = YES_ERROR;
				CLANG_WARN_DOCUMENTATION_COMMENTS = YES;
				CLANG_WARN_EMPTY_BODY = YES;
				CLANG_WARN_ENUM_CONVERSION = YES;
				CLANG_WARN_INFINITE_RECURSION = YES;
				CLANG_WARN_INT_CONVERSION = YES;
				CLANG_WARN_NON_LITERAL_NULL_CONVERSION = YES;
				CLANG_WARN_OBJC_IMPLICIT_RETAIN_SELF = YES;
				CLANG_WARN_OBJC_LITERAL_CONVERSION = YES;
				CLANG_WARN_OBJC_ROOT_CLASS = YES_ERROR;
				CLANG_WARN_QUOTED_INCLUDE_IN_FRAMEWORK_HEADER = YES;
				CLANG_WARN_RANGE_LOOP_ANALYSIS = YES;
				CLANG_WARN_STRICT_PROTOTYPES = YES;
				CLANG_WARN_SUSPICIOUS_MOVE = YES;
				CLANG_WARN_UNGUARDED_AVAILABILITY = YES_AGGRESSIVE;
				CLANG_WARN_UNREACHABLE_CODE = YES;
				CLANG_WARN__DUPLICATE_METHOD_MATCH = YES;
				COPY_PHASE_STRIP = NO;
				DEBUG_INFORMATION_FORMAT = dwarf;
				ENABLE_STRICT_OBJC_MSGSEND = YES;
				ENABLE_TESTABILITY = YES;
				GCC_C_LANGUAGE_STANDARD = gnu11;
				GCC_DYNAMIC_NO_PIC = NO;
				GCC_NO_COMMON_BLOCKS = YES;
				GCC_OPTIMIZATION_LEVEL = 0;
				GCC_PREPROCESSOR_DEFINITIONS = (
					"DEBUG=1",
					"$(inherited)",
				);
				GCC_WARN_64_TO_32_BIT_CONVERSION = YES;
				GCC_WARN_ABOUT_RETURN_TYPE = YES_ERROR;
				GCC_WARN_UNDECLARED_SELECTOR = YES;
				GCC_WARN_UNINITIALIZED_AUTOS = YES_AGGRESSIVE;
				GCC_WARN_UNUSED_FUNCTION = YES;
				GCC_WARN_UNUSED_VARIABLE = YES;
				MTL_ENABLE_DEBUG_INFO = INCLUDE_SOURCE;
				MTL_FAST_MATH = YES;
				ONLY_ACTIVE_ARCH = YES;
				SWIFT_ACTIVE_COMPILATION_CONDITIONS = DEBUG;
				SWIFT_OPTIMIZATION_LEVEL = "-Onone";
			};
			name = Debug;
		};
		D4D2334E27A7CF8B00C8D3C6 /* Release */ = {
			isa = XCBuildConfiguration;
			buildSettings = {
				ALWAYS_SEARCH_USER_PATHS = NO;
				CLANG_ANALYZER_NONNULL = YES;
				CLANG_ANALYZER_NUMBER_OBJECT_CONVERSION = YES_AGGRESSIVE;
				CLANG_CXX_LANGUAGE_STANDARD = "gnu++17";
				CLANG_CXX_LIBRARY = "libc++";
				CLANG_ENABLE_MODULES = YES;
				CLANG_ENABLE_OBJC_ARC = YES;
				CLANG_ENABLE_OBJC_WEAK = YES;
				CLANG_WARN_BLOCK_CAPTURE_AUTORELEASING = YES;
				CLANG_WARN_BOOL_CONVERSION = YES;
				CLANG_WARN_COMMA = YES;
				CLANG_WARN_CONSTANT_CONVERSION = YES;
				CLANG_WARN_DEPRECATED_OBJC_IMPLEMENTATIONS = YES;
				CLANG_WARN_DIRECT_OBJC_ISA_USAGE = YES_ERROR;
				CLANG_WARN_DOCUMENTATION_COMMENTS = YES;
				CLANG_WARN_EMPTY_BODY = YES;
				CLANG_WARN_ENUM_CONVERSION = YES;
				CLANG_WARN_INFINITE_RECURSION = YES;
				CLANG_WARN_INT_CONVERSION = YES;
				CLANG_WARN_NON_LITERAL_NULL_CONVERSION = YES;
				CLANG_WARN_OBJC_IMPLICIT_RETAIN_SELF = YES;
				CLANG_WARN_OBJC_LITERAL_CONVERSION = YES;
				CLANG_WARN_OBJC_ROOT_CLASS = YES_ERROR;
				CLANG_WARN_QUOTED_INCLUDE_IN_FRAMEWORK_HEADER = YES;
				CLANG_WARN_RANGE_LOOP_ANALYSIS = YES;
				CLANG_WARN_STRICT_PROTOTYPES = YES;
				CLANG_WARN_SUSPICIOUS_MOVE = YES;
				CLANG_WARN_UNGUARDED_AVAILABILITY = YES_AGGRESSIVE;
				CLANG_WARN_UNREACHABLE_CODE = YES;
				CLANG_WARN__DUPLICATE_METHOD_MATCH = YES;
				COPY_PHASE_STRIP = NO;
				DEBUG_INFORMATION_FORMAT = "dwarf-with-dsym";
				ENABLE_NS_ASSERTIONS = NO;
				ENABLE_STRICT_OBJC_MSGSEND = YES;
				GCC_C_LANGUAGE_STANDARD = gnu11;
				GCC_NO_COMMON_BLOCKS = YES;
				GCC_WARN_64_TO_32_BIT_CONVERSION = YES;
				GCC_WARN_ABOUT_RETURN_TYPE = YES_ERROR;
				GCC_WARN_UNDECLARED_SELECTOR = YES;
				GCC_WARN_UNINITIALIZED_AUTOS = YES_AGGRESSIVE;
				GCC_WARN_UNUSED_FUNCTION = YES;
				GCC_WARN_UNUSED_VARIABLE = YES;
				MTL_ENABLE_DEBUG_INFO = NO;
				MTL_FAST_MATH = YES;
				SWIFT_COMPILATION_MODE = wholemodule;
				SWIFT_OPTIMIZATION_LEVEL = "-O";
			};
			name = Release;
		};
		D4D2335027A7CF8B00C8D3C6 /* Debug */ = {
			isa = XCBuildConfiguration;
			buildSettings = {
				ASSETCATALOG_COMPILER_APPICON_NAME = AppIcon;
				ASSETCATALOG_COMPILER_GLOBAL_ACCENT_COLOR_NAME = AccentColor;
				CODE_SIGN_STYLE = Automatic;
				CURRENT_PROJECT_VERSION = 1;
				ENABLE_PREVIEWS = YES;
				GENERATE_INFOPLIST_FILE = YES;
				INFOPLIST_FILE = "ContactList--iOS--Info.plist";
				INFOPLIST_KEY_UIApplicationSceneManifest_Generation = YES;
				INFOPLIST_KEY_UIApplicationSupportsIndirectInputEvents = YES;
				INFOPLIST_KEY_UISupportedInterfaceOrientations_iPad = "UIInterfaceOrientationPortrait UIInterfaceOrientationPortraitUpsideDown UIInterfaceOrientationLandscapeLeft UIInterfaceOrientationLandscapeRight";
				INFOPLIST_KEY_UISupportedInterfaceOrientations_iPhone = "UIInterfaceOrientationPortrait UIInterfaceOrientationLandscapeLeft UIInterfaceOrientationLandscapeRight";
				IPHONEOS_DEPLOYMENT_TARGET = 15.0;
				LD_RUNPATH_SEARCH_PATHS = (
					"$(inherited)",
					"@executable_path/Frameworks",
				);
				MARKETING_VERSION = 1.0;
				PRODUCT_BUNDLE_IDENTIFIER = prasanna.ContactList;
				PRODUCT_NAME = ContactList;
				SDKROOT = iphoneos;
				SWIFT_EMIT_LOC_STRINGS = YES;
				SWIFT_VERSION = 5.0;
				TARGETED_DEVICE_FAMILY = "1,2";
			};
			name = Debug;
		};
		D4D2335127A7CF8B00C8D3C6 /* Release */ = {
			isa = XCBuildConfiguration;
			buildSettings = {
				ASSETCATALOG_COMPILER_APPICON_NAME = AppIcon;
				ASSETCATALOG_COMPILER_GLOBAL_ACCENT_COLOR_NAME = AccentColor;
				CODE_SIGN_STYLE = Automatic;
				CURRENT_PROJECT_VERSION = 1;
				ENABLE_PREVIEWS = YES;
				GENERATE_INFOPLIST_FILE = YES;
				INFOPLIST_FILE = "ContactList--iOS--Info.plist";
				INFOPLIST_KEY_UIApplicationSceneManifest_Generation = YES;
				INFOPLIST_KEY_UIApplicationSupportsIndirectInputEvents = YES;
				INFOPLIST_KEY_UISupportedInterfaceOrientations_iPad = "UIInterfaceOrientationPortrait UIInterfaceOrientationPortraitUpsideDown UIInterfaceOrientationLandscapeLeft UIInterfaceOrientationLandscapeRight";
				INFOPLIST_KEY_UISupportedInterfaceOrientations_iPhone = "UIInterfaceOrientationPortrait UIInterfaceOrientationLandscapeLeft UIInterfaceOrientationLandscapeRight";
				IPHONEOS_DEPLOYMENT_TARGET = 15.0;
				LD_RUNPATH_SEARCH_PATHS = (
					"$(inherited)",
					"@executable_path/Frameworks",
				);
				MARKETING_VERSION = 1.0;
				PRODUCT_BUNDLE_IDENTIFIER = prasanna.ContactList;
				PRODUCT_NAME = ContactList;
				SDKROOT = iphoneos;
				SWIFT_EMIT_LOC_STRINGS = YES;
				SWIFT_VERSION = 5.0;
				TARGETED_DEVICE_FAMILY = "1,2";
				VALIDATE_PRODUCT = YES;
			};
			name = Release;
		};
		D4D2335327A7CF8B00C8D3C6 /* Debug */ = {
			isa = XCBuildConfiguration;
			buildSettings = {
				ASSETCATALOG_COMPILER_APPICON_NAME = AppIcon;
				ASSETCATALOG_COMPILER_GLOBAL_ACCENT_COLOR_NAME = AccentColor;
				CODE_SIGN_ENTITLEMENTS = macOS/macOS.entitlements;
				CODE_SIGN_STYLE = Automatic;
				COMBINE_HIDPI_IMAGES = YES;
				CURRENT_PROJECT_VERSION = 1;
				ENABLE_PREVIEWS = YES;
				GENERATE_INFOPLIST_FILE = YES;
				INFOPLIST_KEY_NSHumanReadableCopyright = "";
				LD_RUNPATH_SEARCH_PATHS = (
					"$(inherited)",
					"@executable_path/../Frameworks",
				);
				MACOSX_DEPLOYMENT_TARGET = 11.6;
				MARKETING_VERSION = 1.0;
				PRODUCT_BUNDLE_IDENTIFIER = prasanna.ContactList;
				PRODUCT_NAME = ContactList;
				SDKROOT = macosx;
				SWIFT_EMIT_LOC_STRINGS = YES;
				SWIFT_VERSION = 5.0;
			};
			name = Debug;
		};
		D4D2335427A7CF8B00C8D3C6 /* Release */ = {
			isa = XCBuildConfiguration;
			buildSettings = {
				ASSETCATALOG_COMPILER_APPICON_NAME = AppIcon;
				ASSETCATALOG_COMPILER_GLOBAL_ACCENT_COLOR_NAME = AccentColor;
				CODE_SIGN_ENTITLEMENTS = macOS/macOS.entitlements;
				CODE_SIGN_STYLE = Automatic;
				COMBINE_HIDPI_IMAGES = YES;
				CURRENT_PROJECT_VERSION = 1;
				ENABLE_PREVIEWS = YES;
				GENERATE_INFOPLIST_FILE = YES;
				INFOPLIST_KEY_NSHumanReadableCopyright = "";
				LD_RUNPATH_SEARCH_PATHS = (
					"$(inherited)",
					"@executable_path/../Frameworks",
				);
				MACOSX_DEPLOYMENT_TARGET = 11.6;
				MARKETING_VERSION = 1.0;
				PRODUCT_BUNDLE_IDENTIFIER = prasanna.ContactList;
				PRODUCT_NAME = ContactList;
				SDKROOT = macosx;
				SWIFT_EMIT_LOC_STRINGS = YES;
				SWIFT_VERSION = 5.0;
			};
			name = Release;
		};
/* End XCBuildConfiguration section */

/* Begin XCConfigurationList section */
		D4D2333527A7CF8700C8D3C6 /* Build configuration list for PBXProject "ContactList" */ = {
			isa = XCConfigurationList;
			buildConfigurations = (
				D4D2334D27A7CF8B00C8D3C6 /* Debug */,
				D4D2334E27A7CF8B00C8D3C6 /* Release */,
			);
			defaultConfigurationIsVisible = 0;
			defaultConfigurationName = Release;
		};
		D4D2334F27A7CF8B00C8D3C6 /* Build configuration list for PBXNativeTarget "ContactList (iOS)" */ = {
			isa = XCConfigurationList;
			buildConfigurations = (
				D4D2335027A7CF8B00C8D3C6 /* Debug */,
				D4D2335127A7CF8B00C8D3C6 /* Release */,
			);
			defaultConfigurationIsVisible = 0;
			defaultConfigurationName = Release;
		};
		D4D2335227A7CF8B00C8D3C6 /* Build configuration list for PBXNativeTarget "ContactList (macOS)" */ = {
			isa = XCConfigurationList;
			buildConfigurations = (
				D4D2335327A7CF8B00C8D3C6 /* Debug */,
				D4D2335427A7CF8B00C8D3C6 /* Release */,
			);
			defaultConfigurationIsVisible = 0;
			defaultConfigurationName = Release;
		};
/* End XCConfigurationList section */

/* Begin XCVersionGroup section */
		D423707327BA1EB1001A110F /* ContactList.xcdatamodeld */ = {
			isa = XCVersionGroup;
			children = (
				D423707427BA1EB1001A110F /* ContactList.xcdatamodel */,
			);
			currentVersion = D423707427BA1EB1001A110F /* ContactList.xcdatamodel */;
			path = ContactList.xcdatamodeld;
			sourceTree = "<group>";
			versionGroupType = wrapper.xcdatamodel;
		};
/* End XCVersionGroup section */
	};
	rootObject = D4D2333227A7CF8700C8D3C6 /* Project object */;
}
