// !$*UTF8*$!
{
	archiveVersion = 1;
	classes = {
	};
	objectVersion = 55;
	objects = {

/* Begin PBXBuildFile section */
		D429119627CF3ED000BE3583 /* Enumeration.swift in Sources */ = {isa = PBXBuildFile; fileRef = D429119527CF3ED000BE3583 /* Enumeration.swift */; };
		D429119727CF3ED000BE3583 /* Enumeration.swift in Sources */ = {isa = PBXBuildFile; fileRef = D429119527CF3ED000BE3583 /* Enumeration.swift */; };
		D429119A27CF428300BE3583 /* Alamofire in Frameworks */ = {isa = PBXBuildFile; productRef = D429119927CF428300BE3583 /* Alamofire */; };
		D436DA3627A9462C007FF5F0 /* ContactListView.swift in Sources */ = {isa = PBXBuildFile; fileRef = D436DA3527A9462C007FF5F0 /* ContactListView.swift */; };
		D436DA3727A9462C007FF5F0 /* ContactListView.swift in Sources */ = {isa = PBXBuildFile; fileRef = D436DA3527A9462C007FF5F0 /* ContactListView.swift */; };
		D43856ED27B53A29000F7F85 /* PersonDetailsDisplayView.swift in Sources */ = {isa = PBXBuildFile; fileRef = D43856EC27B53A29000F7F85 /* PersonDetailsDisplayView.swift */; };
		D43856EE27B53A29000F7F85 /* PersonDetailsDisplayView.swift in Sources */ = {isa = PBXBuildFile; fileRef = D43856EC27B53A29000F7F85 /* PersonDetailsDisplayView.swift */; };
		D4586D4F27CC84B200ADC528 /* ShareViewController.swift in Sources */ = {isa = PBXBuildFile; fileRef = D4586D4E27CC84B200ADC528 /* ShareViewController.swift */; };
		D4586D5227CC84B200ADC528 /* MainInterface.storyboard in Resources */ = {isa = PBXBuildFile; fileRef = D4586D5027CC84B200ADC528 /* MainInterface.storyboard */; };
		D4586D5627CC84B200ADC528 /* shareFiles.appex in Embed App Extensions */ = {isa = PBXBuildFile; fileRef = D4586D4C27CC84B200ADC528 /* shareFiles.appex */; settings = {ATTRIBUTES = (RemoveHeadersOnCopy, ); }; };
		D489682C27BFB540002A7BF1 /* WebView.swift in Sources */ = {isa = PBXBuildFile; fileRef = D489682B27BFB540002A7BF1 /* WebView.swift */; };
		D489682D27BFB540002A7BF1 /* WebView.swift in Sources */ = {isa = PBXBuildFile; fileRef = D489682B27BFB540002A7BF1 /* WebView.swift */; };
		D490628327D0DA6C002D1667 /* LoadingView.swift in Sources */ = {isa = PBXBuildFile; fileRef = D490628227D0DA6C002D1667 /* LoadingView.swift */; };
		D490628427D0DA6C002D1667 /* LoadingView.swift in Sources */ = {isa = PBXBuildFile; fileRef = D490628227D0DA6C002D1667 /* LoadingView.swift */; };
		D490628527D0DFC0002D1667 /* ContactList--iOS--Info.plist in Resources */ = {isa = PBXBuildFile; fileRef = D4D2335527A7D2F900C8D3C6 /* ContactList--iOS--Info.plist */; };
		D490628627D0DFC0002D1667 /* ContactList--iOS--Info.plist in Resources */ = {isa = PBXBuildFile; fileRef = D4D2335527A7D2F900C8D3C6 /* ContactList--iOS--Info.plist */; };
		D4A0075927B0EFD600BC31A9 /* ModifierView.swift in Sources */ = {isa = PBXBuildFile; fileRef = D4A0075827B0EFD600BC31A9 /* ModifierView.swift */; };
		D4BBB4F327C7902A00808C34 /* ActivityController.swift in Sources */ = {isa = PBXBuildFile; fileRef = D4BBB4F227C7902A00808C34 /* ActivityController.swift */; };
		D4BBB4F427C7902A00808C34 /* ActivityController.swift in Sources */ = {isa = PBXBuildFile; fileRef = D4BBB4F227C7902A00808C34 /* ActivityController.swift */; };
		D4BC09F527C35BCD007223C1 /* AppState.swift in Sources */ = {isa = PBXBuildFile; fileRef = D4BC09F427C35BCD007223C1 /* AppState.swift */; };
		D4BC09F627C35BCD007223C1 /* AppState.swift in Sources */ = {isa = PBXBuildFile; fileRef = D4BC09F427C35BCD007223C1 /* AppState.swift */; };
		D4C3931427B2BAB9006CC3E9 /* ContactListCellView.swift in Sources */ = {isa = PBXBuildFile; fileRef = D4C3931327B2BAB9006CC3E9 /* ContactListCellView.swift */; };
		D4C3931527B2BAB9006CC3E9 /* ContactListCellView.swift in Sources */ = {isa = PBXBuildFile; fileRef = D4C3931327B2BAB9006CC3E9 /* ContactListCellView.swift */; };
		D4CA84C127B37F1100CCA7F1 /* Constants.swift in Sources */ = {isa = PBXBuildFile; fileRef = D4CA84C027B37F1100CCA7F1 /* Constants.swift */; };
		D4CA84C227B37F1100CCA7F1 /* Constants.swift in Sources */ = {isa = PBXBuildFile; fileRef = D4CA84C027B37F1100CCA7F1 /* Constants.swift */; };
		D4D06A5627BA6882000A61D9 /* UserData.swift in Sources */ = {isa = PBXBuildFile; fileRef = D4D06A5527BA6882000A61D9 /* UserData.swift */; };
		D4D06A5727BA6882000A61D9 /* UserData.swift in Sources */ = {isa = PBXBuildFile; fileRef = D4D06A5527BA6882000A61D9 /* UserData.swift */; };
		D4D06A6A27BA92FC000A61D9 /* Users+CoreDataClass.swift in Sources */ = {isa = PBXBuildFile; fileRef = D4D06A5827BA6A2F000A61D9 /* Users+CoreDataClass.swift */; };
		D4D06A6C27BA93B3000A61D9 /* Users+CoreDataClass.swift in Sources */ = {isa = PBXBuildFile; fileRef = D4D06A5827BA6A2F000A61D9 /* Users+CoreDataClass.swift */; };
		D4D06A6D27BA93B9000A61D9 /* Users+CoreDataProperties.swift in Sources */ = {isa = PBXBuildFile; fileRef = D4D06A5927BA6A2F000A61D9 /* Users+CoreDataProperties.swift */; };
		D4D06A6E27BA944C000A61D9 /* Users+CoreDataProperties.swift in Sources */ = {isa = PBXBuildFile; fileRef = D4D06A5927BA6A2F000A61D9 /* Users+CoreDataProperties.swift */; };
		D4D2334727A7CF8B00C8D3C6 /* ContactListApp.swift in Sources */ = {isa = PBXBuildFile; fileRef = D4D2333727A7CF8800C8D3C6 /* ContactListApp.swift */; };
		D4D2334827A7CF8B00C8D3C6 /* ContactListApp.swift in Sources */ = {isa = PBXBuildFile; fileRef = D4D2333727A7CF8800C8D3C6 /* ContactListApp.swift */; };
		D4D2334927A7CF8B00C8D3C6 /* LoginView.swift in Sources */ = {isa = PBXBuildFile; fileRef = D4D2333827A7CF8800C8D3C6 /* LoginView.swift */; };
		D4D2334A27A7CF8B00C8D3C6 /* LoginView.swift in Sources */ = {isa = PBXBuildFile; fileRef = D4D2333827A7CF8800C8D3C6 /* LoginView.swift */; };
		D4D2334B27A7CF8B00C8D3C6 /* Assets.xcassets in Resources */ = {isa = PBXBuildFile; fileRef = D4D2333927A7CF8B00C8D3C6 /* Assets.xcassets */; };
		D4D2334C27A7CF8B00C8D3C6 /* Assets.xcassets in Resources */ = {isa = PBXBuildFile; fileRef = D4D2333927A7CF8B00C8D3C6 /* Assets.xcassets */; };
		D4D2335A27A7D66000C8D3C6 /* CustomViews.swift in Sources */ = {isa = PBXBuildFile; fileRef = D4D2335927A7D66000C8D3C6 /* CustomViews.swift */; };
		D4D2335E27A7DA2C00C8D3C6 /* Lato-Regular.ttf in Resources */ = {isa = PBXBuildFile; fileRef = D4D2335C27A7DA2C00C8D3C6 /* Lato-Regular.ttf */; };
		D4D2335F27A7DA2C00C8D3C6 /* Lato-Regular.ttf in Resources */ = {isa = PBXBuildFile; fileRef = D4D2335C27A7DA2C00C8D3C6 /* Lato-Regular.ttf */; };
		D4D2336027A7DA2C00C8D3C6 /* Lato-Semibold.ttf in Resources */ = {isa = PBXBuildFile; fileRef = D4D2335D27A7DA2C00C8D3C6 /* Lato-Semibold.ttf */; };
		D4D2336127A7DA2C00C8D3C6 /* Lato-Semibold.ttf in Resources */ = {isa = PBXBuildFile; fileRef = D4D2335D27A7DA2C00C8D3C6 /* Lato-Semibold.ttf */; };
		D4D2336327A7DA3E00C8D3C6 /* Lato-Bold.ttf in Resources */ = {isa = PBXBuildFile; fileRef = D4D2336227A7DA3E00C8D3C6 /* Lato-Bold.ttf */; };
		D4D2336427A7DA3E00C8D3C6 /* Lato-Bold.ttf in Resources */ = {isa = PBXBuildFile; fileRef = D4D2336227A7DA3E00C8D3C6 /* Lato-Bold.ttf */; };
		D4D2336627A7DB7700C8D3C6 /* UIColor+Additions.swift in Sources */ = {isa = PBXBuildFile; fileRef = D4D2336527A7DB7700C8D3C6 /* UIColor+Additions.swift */; };
		D4D2336727A7DB7700C8D3C6 /* UIColor+Additions.swift in Sources */ = {isa = PBXBuildFile; fileRef = D4D2336527A7DB7700C8D3C6 /* UIColor+Additions.swift */; };
		D4D2336A27A8E68800C8D3C6 /* SignUpView.swift in Sources */ = {isa = PBXBuildFile; fileRef = D4D2336927A8E68800C8D3C6 /* SignUpView.swift */; };
		D4D2336B27A8E68800C8D3C6 /* SignUpView.swift in Sources */ = {isa = PBXBuildFile; fileRef = D4D2336927A8E68800C8D3C6 /* SignUpView.swift */; };
		D4F4E87E27D8D4D3001814C5 /* ContactList.xcdatamodeld in Sources */ = {isa = PBXBuildFile; fileRef = D4F4E87C27D8D4D3001814C5 /* ContactList.xcdatamodeld */; };
		D4F4E87F27D8D4D3001814C5 /* ContactList.xcdatamodeld in Sources */ = {isa = PBXBuildFile; fileRef = D4F4E87C27D8D4D3001814C5 /* ContactList.xcdatamodeld */; };
		D4F4E88527D8D55F001814C5 /* PersistenceManager.swift in Sources */ = {isa = PBXBuildFile; fileRef = D4F4E88127D8D55F001814C5 /* PersistenceManager.swift */; };
		D4F4E88627D8D55F001814C5 /* PersistenceManager.swift in Sources */ = {isa = PBXBuildFile; fileRef = D4F4E88127D8D55F001814C5 /* PersistenceManager.swift */; };
		D4F4E88727D8D55F001814C5 /* NetworkManager.swift in Sources */ = {isa = PBXBuildFile; fileRef = D4F4E88227D8D55F001814C5 /* NetworkManager.swift */; };
		D4F4E88827D8D55F001814C5 /* NetworkManager.swift in Sources */ = {isa = PBXBuildFile; fileRef = D4F4E88227D8D55F001814C5 /* NetworkManager.swift */; };
		D4F4E88927D8D55F001814C5 /* UserLoginDeatils.swift in Sources */ = {isa = PBXBuildFile; fileRef = D4F4E88327D8D55F001814C5 /* UserLoginDeatils.swift */; };
		D4F4E88A27D8D55F001814C5 /* UserLoginDeatils.swift in Sources */ = {isa = PBXBuildFile; fileRef = D4F4E88327D8D55F001814C5 /* UserLoginDeatils.swift */; };
		D4F4E88B27D8D55F001814C5 /* UserManager.swift in Sources */ = {isa = PBXBuildFile; fileRef = D4F4E88427D8D55F001814C5 /* UserManager.swift */; };
		D4F4E88C27D8D55F001814C5 /* UserManager.swift in Sources */ = {isa = PBXBuildFile; fileRef = D4F4E88427D8D55F001814C5 /* UserManager.swift */; };
		D4F4E89227D8D63E001814C5 /* LogInViewModel.swift in Sources */ = {isa = PBXBuildFile; fileRef = D4F4E88E27D8D63E001814C5 /* LogInViewModel.swift */; };
		D4F4E89327D8D63E001814C5 /* LogInViewModel.swift in Sources */ = {isa = PBXBuildFile; fileRef = D4F4E88E27D8D63E001814C5 /* LogInViewModel.swift */; };
		D4F4E89427D8D63E001814C5 /* PersonDetailsDisplayViewModel.swift in Sources */ = {isa = PBXBuildFile; fileRef = D4F4E88F27D8D63E001814C5 /* PersonDetailsDisplayViewModel.swift */; };
		D4F4E89527D8D63E001814C5 /* PersonDetailsDisplayViewModel.swift in Sources */ = {isa = PBXBuildFile; fileRef = D4F4E88F27D8D63E001814C5 /* PersonDetailsDisplayViewModel.swift */; };
		D4F4E89827D8D63E001814C5 /* ContactListViewModel.swift in Sources */ = {isa = PBXBuildFile; fileRef = D4F4E89127D8D63E001814C5 /* ContactListViewModel.swift */; };
		D4F4E89927D8D63E001814C5 /* ContactListViewModel.swift in Sources */ = {isa = PBXBuildFile; fileRef = D4F4E89127D8D63E001814C5 /* ContactListViewModel.swift */; };
		D4F4E89B27D8D6C8001814C5 /* SignUpViewModel.swift in Sources */ = {isa = PBXBuildFile; fileRef = D4F4E89A27D8D6C8001814C5 /* SignUpViewModel.swift */; };
		D4F4E89C27D8D6C8001814C5 /* SignUpViewModel.swift in Sources */ = {isa = PBXBuildFile; fileRef = D4F4E89A27D8D6C8001814C5 /* SignUpViewModel.swift */; };
		D4F4E89E27D8D72B001814C5 /* EditDetailsView.swift in Sources */ = {isa = PBXBuildFile; fileRef = D4F4E89D27D8D72B001814C5 /* EditDetailsView.swift */; };
		D4F4E89F27D8D72B001814C5 /* EditDetailsView.swift in Sources */ = {isa = PBXBuildFile; fileRef = D4F4E89D27D8D72B001814C5 /* EditDetailsView.swift */; };
		D4F4E8A127D8D880001814C5 /* ContentView.swift in Sources */ = {isa = PBXBuildFile; fileRef = D4F4E8A027D8D880001814C5 /* ContentView.swift */; };
		D4F4E8A227D8D880001814C5 /* ContentView.swift in Sources */ = {isa = PBXBuildFile; fileRef = D4F4E8A027D8D880001814C5 /* ContentView.swift */; };
/* End PBXBuildFile section */

/* Begin PBXContainerItemProxy section */
		D4586D5427CC84B200ADC528 /* PBXContainerItemProxy */ = {
			isa = PBXContainerItemProxy;
			containerPortal = D4D2333227A7CF8700C8D3C6 /* Project object */;
			proxyType = 1;
			remoteGlobalIDString = D4586D4B27CC84B200ADC528;
			remoteInfo = shareFiles;
		};
/* End PBXContainerItemProxy section */

/* Begin PBXCopyFilesBuildPhase section */
		D4586D5A27CC84B200ADC528 /* Embed App Extensions */ = {
			isa = PBXCopyFilesBuildPhase;
			buildActionMask = 2147483647;
			dstPath = "";
			dstSubfolderSpec = 13;
			files = (
				D4586D5627CC84B200ADC528 /* shareFiles.appex in Embed App Extensions */,
			);
			name = "Embed App Extensions";
			runOnlyForDeploymentPostprocessing = 0;
		};
/* End PBXCopyFilesBuildPhase section */

/* Begin PBXFileReference section */
		D429119527CF3ED000BE3583 /* Enumeration.swift */ = {isa = PBXFileReference; lastKnownFileType = sourcecode.swift; path = Enumeration.swift; sourceTree = "<group>"; };
		D436DA3527A9462C007FF5F0 /* ContactListView.swift */ = {isa = PBXFileReference; lastKnownFileType = sourcecode.swift; path = ContactListView.swift; sourceTree = "<group>"; };
		D43856EC27B53A29000F7F85 /* PersonDetailsDisplayView.swift */ = {isa = PBXFileReference; lastKnownFileType = sourcecode.swift; path = PersonDetailsDisplayView.swift; sourceTree = "<group>"; };
		D4586D4C27CC84B200ADC528 /* shareFiles.appex */ = {isa = PBXFileReference; explicitFileType = "wrapper.app-extension"; includeInIndex = 0; path = shareFiles.appex; sourceTree = BUILT_PRODUCTS_DIR; };
		D4586D4E27CC84B200ADC528 /* ShareViewController.swift */ = {isa = PBXFileReference; lastKnownFileType = sourcecode.swift; path = ShareViewController.swift; sourceTree = "<group>"; };
		D4586D5127CC84B200ADC528 /* Base */ = {isa = PBXFileReference; lastKnownFileType = file.storyboard; name = Base; path = Base.lproj/MainInterface.storyboard; sourceTree = "<group>"; };
		D4586D5327CC84B200ADC528 /* Info.plist */ = {isa = PBXFileReference; lastKnownFileType = text.plist.xml; path = Info.plist; sourceTree = "<group>"; };
		D4586D5B27CC84C900ADC528 /* ContactList (iOS).entitlements */ = {isa = PBXFileReference; lastKnownFileType = text.plist.entitlements; path = "ContactList (iOS).entitlements"; sourceTree = "<group>"; };
		D4586D5C27CC84DB00ADC528 /* shareFiles.entitlements */ = {isa = PBXFileReference; lastKnownFileType = text.plist.entitlements; path = shareFiles.entitlements; sourceTree = "<group>"; };
		D489682B27BFB540002A7BF1 /* WebView.swift */ = {isa = PBXFileReference; lastKnownFileType = sourcecode.swift; path = WebView.swift; sourceTree = "<group>"; };
		D490628227D0DA6C002D1667 /* LoadingView.swift */ = {isa = PBXFileReference; lastKnownFileType = sourcecode.swift; path = LoadingView.swift; sourceTree = "<group>"; };
		D4A0075827B0EFD600BC31A9 /* ModifierView.swift */ = {isa = PBXFileReference; lastKnownFileType = sourcecode.swift; path = ModifierView.swift; sourceTree = "<group>"; };
		D4BBB4F227C7902A00808C34 /* ActivityController.swift */ = {isa = PBXFileReference; lastKnownFileType = sourcecode.swift; path = ActivityController.swift; sourceTree = "<group>"; };
		D4BC09F427C35BCD007223C1 /* AppState.swift */ = {isa = PBXFileReference; lastKnownFileType = sourcecode.swift; path = AppState.swift; sourceTree = "<group>"; };
		D4C3931327B2BAB9006CC3E9 /* ContactListCellView.swift */ = {isa = PBXFileReference; lastKnownFileType = sourcecode.swift; path = ContactListCellView.swift; sourceTree = "<group>"; };
		D4CA84C027B37F1100CCA7F1 /* Constants.swift */ = {isa = PBXFileReference; lastKnownFileType = sourcecode.swift; path = Constants.swift; sourceTree = "<group>"; };
		D4D06A5527BA6882000A61D9 /* UserData.swift */ = {isa = PBXFileReference; lastKnownFileType = sourcecode.swift; path = UserData.swift; sourceTree = "<group>"; };
		D4D06A5827BA6A2F000A61D9 /* Users+CoreDataClass.swift */ = {isa = PBXFileReference; lastKnownFileType = sourcecode.swift; path = "Users+CoreDataClass.swift"; sourceTree = "<group>"; };
		D4D06A5927BA6A2F000A61D9 /* Users+CoreDataProperties.swift */ = {isa = PBXFileReference; lastKnownFileType = sourcecode.swift; path = "Users+CoreDataProperties.swift"; sourceTree = "<group>"; };
		D4D2333727A7CF8800C8D3C6 /* ContactListApp.swift */ = {isa = PBXFileReference; lastKnownFileType = sourcecode.swift; path = ContactListApp.swift; sourceTree = "<group>"; };
		D4D2333827A7CF8800C8D3C6 /* LoginView.swift */ = {isa = PBXFileReference; lastKnownFileType = sourcecode.swift; path = LoginView.swift; sourceTree = "<group>"; };
		D4D2333927A7CF8B00C8D3C6 /* Assets.xcassets */ = {isa = PBXFileReference; lastKnownFileType = folder.assetcatalog; path = Assets.xcassets; sourceTree = "<group>"; };
		D4D2333E27A7CF8B00C8D3C6 /* ContactList.app */ = {isa = PBXFileReference; explicitFileType = wrapper.application; includeInIndex = 0; path = ContactList.app; sourceTree = BUILT_PRODUCTS_DIR; };
		D4D2334427A7CF8B00C8D3C6 /* ContactList.app */ = {isa = PBXFileReference; explicitFileType = wrapper.application; includeInIndex = 0; path = ContactList.app; sourceTree = BUILT_PRODUCTS_DIR; };
		D4D2334627A7CF8B00C8D3C6 /* macOS.entitlements */ = {isa = PBXFileReference; lastKnownFileType = text.plist.entitlements; path = macOS.entitlements; sourceTree = "<group>"; };
		D4D2335527A7D2F900C8D3C6 /* ContactList--iOS--Info.plist */ = {isa = PBXFileReference; lastKnownFileType = text.plist; path = "ContactList--iOS--Info.plist"; sourceTree = "<group>"; };
		D4D2335927A7D66000C8D3C6 /* CustomViews.swift */ = {isa = PBXFileReference; lastKnownFileType = sourcecode.swift; path = CustomViews.swift; sourceTree = "<group>"; };
		D4D2335C27A7DA2C00C8D3C6 /* Lato-Regular.ttf */ = {isa = PBXFileReference; lastKnownFileType = file; path = "Lato-Regular.ttf"; sourceTree = "<group>"; };
		D4D2335D27A7DA2C00C8D3C6 /* Lato-Semibold.ttf */ = {isa = PBXFileReference; lastKnownFileType = file; path = "Lato-Semibold.ttf"; sourceTree = "<group>"; };
		D4D2336227A7DA3E00C8D3C6 /* Lato-Bold.ttf */ = {isa = PBXFileReference; lastKnownFileType = file; path = "Lato-Bold.ttf"; sourceTree = "<group>"; };
		D4D2336527A7DB7700C8D3C6 /* UIColor+Additions.swift */ = {isa = PBXFileReference; fileEncoding = 4; lastKnownFileType = sourcecode.swift; path = "UIColor+Additions.swift"; sourceTree = "<group>"; };
		D4D2336927A8E68800C8D3C6 /* SignUpView.swift */ = {isa = PBXFileReference; lastKnownFileType = sourcecode.swift; path = SignUpView.swift; sourceTree = "<group>"; };
		D4F4E87D27D8D4D3001814C5 /* ContactList.xcdatamodel */ = {isa = PBXFileReference; lastKnownFileType = wrapper.xcdatamodel; path = ContactList.xcdatamodel; sourceTree = "<group>"; };
		D4F4E88127D8D55F001814C5 /* PersistenceManager.swift */ = {isa = PBXFileReference; fileEncoding = 4; lastKnownFileType = sourcecode.swift; path = PersistenceManager.swift; sourceTree = "<group>"; };
		D4F4E88227D8D55F001814C5 /* NetworkManager.swift */ = {isa = PBXFileReference; fileEncoding = 4; lastKnownFileType = sourcecode.swift; path = NetworkManager.swift; sourceTree = "<group>"; };
		D4F4E88327D8D55F001814C5 /* UserLoginDeatils.swift */ = {isa = PBXFileReference; fileEncoding = 4; lastKnownFileType = sourcecode.swift; path = UserLoginDeatils.swift; sourceTree = "<group>"; };
		D4F4E88427D8D55F001814C5 /* UserManager.swift */ = {isa = PBXFileReference; fileEncoding = 4; lastKnownFileType = sourcecode.swift; path = UserManager.swift; sourceTree = "<group>"; };
		D4F4E88E27D8D63E001814C5 /* LogInViewModel.swift */ = {isa = PBXFileReference; fileEncoding = 4; lastKnownFileType = sourcecode.swift; path = LogInViewModel.swift; sourceTree = "<group>"; };
		D4F4E88F27D8D63E001814C5 /* PersonDetailsDisplayViewModel.swift */ = {isa = PBXFileReference; fileEncoding = 4; lastKnownFileType = sourcecode.swift; path = PersonDetailsDisplayViewModel.swift; sourceTree = "<group>"; };
		D4F4E89127D8D63E001814C5 /* ContactListViewModel.swift */ = {isa = PBXFileReference; fileEncoding = 4; lastKnownFileType = sourcecode.swift; path = ContactListViewModel.swift; sourceTree = "<group>"; };
		D4F4E89A27D8D6C8001814C5 /* SignUpViewModel.swift */ = {isa = PBXFileReference; fileEncoding = 4; lastKnownFileType = sourcecode.swift; path = SignUpViewModel.swift; sourceTree = "<group>"; };
		D4F4E89D27D8D72B001814C5 /* EditDetailsView.swift */ = {isa = PBXFileReference; fileEncoding = 4; lastKnownFileType = sourcecode.swift; path = EditDetailsView.swift; sourceTree = "<group>"; };
		D4F4E8A027D8D880001814C5 /* ContentView.swift */ = {isa = PBXFileReference; lastKnownFileType = sourcecode.swift; path = ContentView.swift; sourceTree = "<group>"; };
/* End PBXFileReference section */

/* Begin PBXFrameworksBuildPhase section */
		D4586D4927CC84B200ADC528 /* Frameworks */ = {
			isa = PBXFrameworksBuildPhase;
			buildActionMask = 2147483647;
			files = (
			);
			runOnlyForDeploymentPostprocessing = 0;
		};
		D4D2333B27A7CF8B00C8D3C6 /* Frameworks */ = {
			isa = PBXFrameworksBuildPhase;
			buildActionMask = 2147483647;
			files = (
				D429119A27CF428300BE3583 /* Alamofire in Frameworks */,
			);
			runOnlyForDeploymentPostprocessing = 0;
		};
		D4D2334127A7CF8B00C8D3C6 /* Frameworks */ = {
			isa = PBXFrameworksBuildPhase;
			buildActionMask = 2147483647;
			files = (
			);
			runOnlyForDeploymentPostprocessing = 0;
		};
/* End PBXFrameworksBuildPhase section */

/* Begin PBXGroup section */
		D423707527BA22D0001A110F /* coreDataModel */ = {
			isa = PBXGroup;
			children = (
				D4F4E87C27D8D4D3001814C5 /* ContactList.xcdatamodeld */,
				D4D06A5827BA6A2F000A61D9 /* Users+CoreDataClass.swift */,
				D4D06A5927BA6A2F000A61D9 /* Users+CoreDataProperties.swift */,
			);
			path = coreDataModel;
			sourceTree = "<group>";
		};
		D4586D4D27CC84B200ADC528 /* shareFiles */ = {
			isa = PBXGroup;
			children = (
				D4586D5C27CC84DB00ADC528 /* shareFiles.entitlements */,
				D4586D4E27CC84B200ADC528 /* ShareViewController.swift */,
				D4586D5027CC84B200ADC528 /* MainInterface.storyboard */,
				D4586D5327CC84B200ADC528 /* Info.plist */,
			);
			path = shareFiles;
			sourceTree = "<group>";
		};
		D4D2333127A7CF8700C8D3C6 = {
			isa = PBXGroup;
			children = (
				D4586D5B27CC84C900ADC528 /* ContactList (iOS).entitlements */,
				D4D2335527A7D2F900C8D3C6 /* ContactList--iOS--Info.plist */,
				D4D2333627A7CF8800C8D3C6 /* Shared */,
				D4D2334527A7CF8B00C8D3C6 /* macOS */,
				D4586D4D27CC84B200ADC528 /* shareFiles */,
				D4D2333F27A7CF8B00C8D3C6 /* Products */,
			);
			sourceTree = "<group>";
		};
		D4D2333627A7CF8800C8D3C6 /* Shared */ = {
			isa = PBXGroup;
			children = (
				D4D2333727A7CF8800C8D3C6 /* ContactListApp.swift */,
				D423707527BA22D0001A110F /* coreDataModel */,
				D4D2335627A7D5D800C8D3C6 /* View */,
				D4F4E88D27D8D5B9001814C5 /* ViewModel */,
				D4F4E88027D8D537001814C5 /* Managers */,
				D4D2335827A7D60F00C8D3C6 /* Helper */,
				D4D2336827A7EBD200C8D3C6 /* extensions */,
				D4D2333927A7CF8B00C8D3C6 /* Assets.xcassets */,
			);
			path = Shared;
			sourceTree = "<group>";
		};
		D4D2333F27A7CF8B00C8D3C6 /* Products */ = {
			isa = PBXGroup;
			children = (
				D4D2333E27A7CF8B00C8D3C6 /* ContactList.app */,
				D4D2334427A7CF8B00C8D3C6 /* ContactList.app */,
				D4586D4C27CC84B200ADC528 /* shareFiles.appex */,
			);
			name = Products;
			sourceTree = "<group>";
		};
		D4D2334527A7CF8B00C8D3C6 /* macOS */ = {
			isa = PBXGroup;
			children = (
				D4D2334627A7CF8B00C8D3C6 /* macOS.entitlements */,
			);
			path = macOS;
			sourceTree = "<group>";
		};
		D4D2335627A7D5D800C8D3C6 /* View */ = {
			isa = PBXGroup;
			children = (
				D4D2333827A7CF8800C8D3C6 /* LoginView.swift */,
				D4D2336927A8E68800C8D3C6 /* SignUpView.swift */,
				D436DA3527A9462C007FF5F0 /* ContactListView.swift */,
				D4C3931327B2BAB9006CC3E9 /* ContactListCellView.swift */,
				D43856EC27B53A29000F7F85 /* PersonDetailsDisplayView.swift */,
				D4F4E89D27D8D72B001814C5 /* EditDetailsView.swift */,
				D4F4E8A027D8D880001814C5 /* ContentView.swift */,
			);
			path = View;
			sourceTree = "<group>";
		};
		D4D2335827A7D60F00C8D3C6 /* Helper */ = {
			isa = PBXGroup;
			children = (
				D4D2335927A7D66000C8D3C6 /* CustomViews.swift */,
				D4A0075827B0EFD600BC31A9 /* ModifierView.swift */,
				D4CA84C027B37F1100CCA7F1 /* Constants.swift */,
				D4D06A5527BA6882000A61D9 /* UserData.swift */,
				D489682B27BFB540002A7BF1 /* WebView.swift */,
				D429119527CF3ED000BE3583 /* Enumeration.swift */,
				D490628227D0DA6C002D1667 /* LoadingView.swift */,
			);
			path = Helper;
			sourceTree = "<group>";
		};
		D4D2335B27A7DA1800C8D3C6 /* Fonts */ = {
			isa = PBXGroup;
			children = (
				D4D2335C27A7DA2C00C8D3C6 /* Lato-Regular.ttf */,
				D4D2335D27A7DA2C00C8D3C6 /* Lato-Semibold.ttf */,
				D4D2336227A7DA3E00C8D3C6 /* Lato-Bold.ttf */,
			);
			path = Fonts;
			sourceTree = "<group>";
		};
		D4D2336827A7EBD200C8D3C6 /* extensions */ = {
			isa = PBXGroup;
			children = (
				D4D2335B27A7DA1800C8D3C6 /* Fonts */,
				D4D2336527A7DB7700C8D3C6 /* UIColor+Additions.swift */,
			);
			path = extensions;
			sourceTree = "<group>";
		};
		D4F4E88027D8D537001814C5 /* Managers */ = {
			isa = PBXGroup;
			children = (
				D4F4E88227D8D55F001814C5 /* NetworkManager.swift */,
				D4F4E88127D8D55F001814C5 /* PersistenceManager.swift */,
				D4F4E88327D8D55F001814C5 /* UserLoginDeatils.swift */,
				D4F4E88427D8D55F001814C5 /* UserManager.swift */,
			);
			path = Managers;
			sourceTree = "<group>";
		};
		D4F4E88D27D8D5B9001814C5 /* ViewModel */ = {
			isa = PBXGroup;
			children = (
				D4F4E89127D8D63E001814C5 /* ContactListViewModel.swift */,
				D4F4E88E27D8D63E001814C5 /* LogInViewModel.swift */,
				D4F4E88F27D8D63E001814C5 /* PersonDetailsDisplayViewModel.swift */,
				D4F4E89A27D8D6C8001814C5 /* SignUpViewModel.swift */,
				D4BC09F427C35BCD007223C1 /* AppState.swift */,
				D4BBB4F227C7902A00808C34 /* ActivityController.swift */,
			);
			path = ViewModel;
			sourceTree = "<group>";
		};
/* End PBXGroup section */

/* Begin PBXNativeTarget section */
		D4586D4B27CC84B200ADC528 /* shareFiles */ = {
			isa = PBXNativeTarget;
			buildConfigurationList = D4586D5727CC84B200ADC528 /* Build configuration list for PBXNativeTarget "shareFiles" */;
			buildPhases = (
				D4586D4827CC84B200ADC528 /* Sources */,
				D4586D4927CC84B200ADC528 /* Frameworks */,
				D4586D4A27CC84B200ADC528 /* Resources */,
			);
			buildRules = (
			);
			dependencies = (
			);
			name = shareFiles;
			productName = shareFiles;
			productReference = D4586D4C27CC84B200ADC528 /* shareFiles.appex */;
			productType = "com.apple.product-type.app-extension";
		};
		D4D2333D27A7CF8B00C8D3C6 /* ContactList (iOS) */ = {
			isa = PBXNativeTarget;
			buildConfigurationList = D4D2334F27A7CF8B00C8D3C6 /* Build configuration list for PBXNativeTarget "ContactList (iOS)" */;
			buildPhases = (
				D4D2333A27A7CF8B00C8D3C6 /* Sources */,
				D4D2333B27A7CF8B00C8D3C6 /* Frameworks */,
				D4D2333C27A7CF8B00C8D3C6 /* Resources */,
				D4586D5A27CC84B200ADC528 /* Embed App Extensions */,
			);
			buildRules = (
			);
			dependencies = (
				D4586D5527CC84B200ADC528 /* PBXTargetDependency */,
			);
			name = "ContactList (iOS)";
			packageProductDependencies = (
				D429119927CF428300BE3583 /* Alamofire */,
			);
			productName = "ContactList (iOS)";
			productReference = D4D2333E27A7CF8B00C8D3C6 /* ContactList.app */;
			productType = "com.apple.product-type.application";
		};
		D4D2334327A7CF8B00C8D3C6 /* ContactList (macOS) */ = {
			isa = PBXNativeTarget;
			buildConfigurationList = D4D2335227A7CF8B00C8D3C6 /* Build configuration list for PBXNativeTarget "ContactList (macOS)" */;
			buildPhases = (
				D4D2334027A7CF8B00C8D3C6 /* Sources */,
				D4D2334127A7CF8B00C8D3C6 /* Frameworks */,
				D4D2334227A7CF8B00C8D3C6 /* Resources */,
			);
			buildRules = (
			);
			dependencies = (
			);
			name = "ContactList (macOS)";
			productName = "ContactList (macOS)";
			productReference = D4D2334427A7CF8B00C8D3C6 /* ContactList.app */;
			productType = "com.apple.product-type.application";
		};
/* End PBXNativeTarget section */

/* Begin PBXProject section */
		D4D2333227A7CF8700C8D3C6 /* Project object */ = {
			isa = PBXProject;
			attributes = {
				BuildIndependentTargetsInParallel = 1;
				LastSwiftUpdateCheck = 1310;
				LastUpgradeCheck = 1310;
				TargetAttributes = {
					D4586D4B27CC84B200ADC528 = {
						CreatedOnToolsVersion = 13.1;
					};
					D4D2333D27A7CF8B00C8D3C6 = {
						CreatedOnToolsVersion = 13.1;
					};
					D4D2334327A7CF8B00C8D3C6 = {
						CreatedOnToolsVersion = 13.1;
					};
				};
			};
			buildConfigurationList = D4D2333527A7CF8700C8D3C6 /* Build configuration list for PBXProject "ContactList" */;
			compatibilityVersion = "Xcode 13.0";
			developmentRegion = en;
			hasScannedForEncodings = 0;
			knownRegions = (
				en,
				Base,
			);
			mainGroup = D4D2333127A7CF8700C8D3C6;
			packageReferences = (
				D429119827CF428300BE3583 /* XCRemoteSwiftPackageReference "Alamofire" */,
			);
			productRefGroup = D4D2333F27A7CF8B00C8D3C6 /* Products */;
			projectDirPath = "";
			projectRoot = "";
			targets = (
				D4D2333D27A7CF8B00C8D3C6 /* ContactList (iOS) */,
				D4D2334327A7CF8B00C8D3C6 /* ContactList (macOS) */,
				D4586D4B27CC84B200ADC528 /* shareFiles */,
			);
		};
/* End PBXProject section */

/* Begin PBXResourcesBuildPhase section */
		D4586D4A27CC84B200ADC528 /* Resources */ = {
			isa = PBXResourcesBuildPhase;
			buildActionMask = 2147483647;
			files = (
				D4586D5227CC84B200ADC528 /* MainInterface.storyboard in Resources */,
			);
			runOnlyForDeploymentPostprocessing = 0;
		};
		D4D2333C27A7CF8B00C8D3C6 /* Resources */ = {
			isa = PBXResourcesBuildPhase;
			buildActionMask = 2147483647;
			files = (
				D4D2334B27A7CF8B00C8D3C6 /* Assets.xcassets in Resources */,
				D4D2335E27A7DA2C00C8D3C6 /* Lato-Regular.ttf in Resources */,
				D490628527D0DFC0002D1667 /* ContactList--iOS--Info.plist in Resources */,
				D4D2336027A7DA2C00C8D3C6 /* Lato-Semibold.ttf in Resources */,
				D4D2336327A7DA3E00C8D3C6 /* Lato-Bold.ttf in Resources */,
			);
			runOnlyForDeploymentPostprocessing = 0;
		};
		D4D2334227A7CF8B00C8D3C6 /* Resources */ = {
			isa = PBXResourcesBuildPhase;
			buildActionMask = 2147483647;
			files = (
				D4D2334C27A7CF8B00C8D3C6 /* Assets.xcassets in Resources */,
				D4D2335F27A7DA2C00C8D3C6 /* Lato-Regular.ttf in Resources */,
				D490628627D0DFC0002D1667 /* ContactList--iOS--Info.plist in Resources */,
				D4D2336127A7DA2C00C8D3C6 /* Lato-Semibold.ttf in Resources */,
				D4D2336427A7DA3E00C8D3C6 /* Lato-Bold.ttf in Resources */,
			);
			runOnlyForDeploymentPostprocessing = 0;
		};
/* End PBXResourcesBuildPhase section */

/* Begin PBXSourcesBuildPhase section */
		D4586D4827CC84B200ADC528 /* Sources */ = {
			isa = PBXSourcesBuildPhase;
			buildActionMask = 2147483647;
			files = (
				D4586D4F27CC84B200ADC528 /* ShareViewController.swift in Sources */,
			);
			runOnlyForDeploymentPostprocessing = 0;
		};
		D4D2333A27A7CF8B00C8D3C6 /* Sources */ = {
			isa = PBXSourcesBuildPhase;
			buildActionMask = 2147483647;
			files = (
				D4F4E89B27D8D6C8001814C5 /* SignUpViewModel.swift in Sources */,
				D4F4E89227D8D63E001814C5 /* LogInViewModel.swift in Sources */,
				D4D2334927A7CF8B00C8D3C6 /* LoginView.swift in Sources */,
				D436DA3627A9462C007FF5F0 /* ContactListView.swift in Sources */,
				D4D2336A27A8E68800C8D3C6 /* SignUpView.swift in Sources */,
				D4F4E87E27D8D4D3001814C5 /* ContactList.xcdatamodeld in Sources */,
				D4F4E89827D8D63E001814C5 /* ContactListViewModel.swift in Sources */,
				D4F4E89E27D8D72B001814C5 /* EditDetailsView.swift in Sources */,
				D4D2336627A7DB7700C8D3C6 /* UIColor+Additions.swift in Sources */,
				D489682C27BFB540002A7BF1 /* WebView.swift in Sources */,
				D4BBB4F327C7902A00808C34 /* ActivityController.swift in Sources */,
				D4D06A5627BA6882000A61D9 /* UserData.swift in Sources */,
				D4D06A6A27BA92FC000A61D9 /* Users+CoreDataClass.swift in Sources */,
				D429119627CF3ED000BE3583 /* Enumeration.swift in Sources */,
				D4D2335A27A7D66000C8D3C6 /* CustomViews.swift in Sources */,
				D4F4E89427D8D63E001814C5 /* PersonDetailsDisplayViewModel.swift in Sources */,
				D4F4E88727D8D55F001814C5 /* NetworkManager.swift in Sources */,
				D4D2334727A7CF8B00C8D3C6 /* ContactListApp.swift in Sources */,
				D4F4E88527D8D55F001814C5 /* PersistenceManager.swift in Sources */,
				D4F4E88927D8D55F001814C5 /* UserLoginDeatils.swift in Sources */,
				D490628327D0DA6C002D1667 /* LoadingView.swift in Sources */,
				D4D06A6E27BA944C000A61D9 /* Users+CoreDataProperties.swift in Sources */,
				D43856ED27B53A29000F7F85 /* PersonDetailsDisplayView.swift in Sources */,
				D4A0075927B0EFD600BC31A9 /* ModifierView.swift in Sources */,
				D4F4E88B27D8D55F001814C5 /* UserManager.swift in Sources */,
				D4C3931427B2BAB9006CC3E9 /* ContactListCellView.swift in Sources */,
				D4F4E8A127D8D880001814C5 /* ContentView.swift in Sources */,
				D4BC09F527C35BCD007223C1 /* AppState.swift in Sources */,
				D4CA84C127B37F1100CCA7F1 /* Constants.swift in Sources */,
			);
			runOnlyForDeploymentPostprocessing = 0;
		};
		D4D2334027A7CF8B00C8D3C6 /* Sources */ = {
			isa = PBXSourcesBuildPhase;
			buildActionMask = 2147483647;
			files = (
				D4F4E88827D8D55F001814C5 /* NetworkManager.swift in Sources */,
				D4F4E89F27D8D72B001814C5 /* EditDetailsView.swift in Sources */,
				D4F4E87F27D8D4D3001814C5 /* ContactList.xcdatamodeld in Sources */,
				D4C3931527B2BAB9006CC3E9 /* ContactListCellView.swift in Sources */,
				D4F4E88627D8D55F001814C5 /* PersistenceManager.swift in Sources */,
				D4F4E88C27D8D55F001814C5 /* UserManager.swift in Sources */,
				D4D2336B27A8E68800C8D3C6 /* SignUpView.swift in Sources */,
				D4D2334A27A7CF8B00C8D3C6 /* LoginView.swift in Sources */,
				D4D06A6D27BA93B9000A61D9 /* Users+CoreDataProperties.swift in Sources */,
				D4CA84C227B37F1100CCA7F1 /* Constants.swift in Sources */,
				D4D06A5727BA6882000A61D9 /* UserData.swift in Sources */,
				D4D06A6C27BA93B3000A61D9 /* Users+CoreDataClass.swift in Sources */,
				D4BC09F627C35BCD007223C1 /* AppState.swift in Sources */,
				D43856EE27B53A29000F7F85 /* PersonDetailsDisplayView.swift in Sources */,
				D4F4E8A227D8D880001814C5 /* ContentView.swift in Sources */,
				D4F4E89C27D8D6C8001814C5 /* SignUpViewModel.swift in Sources */,
				D490628427D0DA6C002D1667 /* LoadingView.swift in Sources */,
				D489682D27BFB540002A7BF1 /* WebView.swift in Sources */,
				D4BBB4F427C7902A00808C34 /* ActivityController.swift in Sources */,
				D436DA3727A9462C007FF5F0 /* ContactListView.swift in Sources */,
				D4F4E88A27D8D55F001814C5 /* UserLoginDeatils.swift in Sources */,
				D4D2334827A7CF8B00C8D3C6 /* ContactListApp.swift in Sources */,
				D429119727CF3ED000BE3583 /* Enumeration.swift in Sources */,
				D4D2336727A7DB7700C8D3C6 /* UIColor+Additions.swift in Sources */,
				D4F4E89327D8D63E001814C5 /* LogInViewModel.swift in Sources */,
				D4F4E89927D8D63E001814C5 /* ContactListViewModel.swift in Sources */,
				D4F4E89527D8D63E001814C5 /* PersonDetailsDisplayViewModel.swift in Sources */,
			);
			runOnlyForDeploymentPostprocessing = 0;
		};
/* End PBXSourcesBuildPhase section */

/* Begin PBXTargetDependency section */
		D4586D5527CC84B200ADC528 /* PBXTargetDependency */ = {
			isa = PBXTargetDependency;
			target = D4586D4B27CC84B200ADC528 /* shareFiles */;
			targetProxy = D4586D5427CC84B200ADC528 /* PBXContainerItemProxy */;
		};
/* End PBXTargetDependency section */

/* Begin PBXVariantGroup section */
		D4586D5027CC84B200ADC528 /* MainInterface.storyboard */ = {
			isa = PBXVariantGroup;
			children = (
				D4586D5127CC84B200ADC528 /* Base */,
			);
			name = MainInterface.storyboard;
			sourceTree = "<group>";
		};
/* End PBXVariantGroup section */

/* Begin XCBuildConfiguration section */
		D4586D5827CC84B200ADC528 /* Debug */ = {
			isa = XCBuildConfiguration;
			buildSettings = {
				CODE_SIGN_ENTITLEMENTS = shareFiles/shareFiles.entitlements;
				CODE_SIGN_STYLE = Automatic;
				CURRENT_PROJECT_VERSION = 1;
				DEVELOPMENT_TEAM = NS8BS9W27G;
				GENERATE_INFOPLIST_FILE = YES;
				INFOPLIST_FILE = shareFiles/Info.plist;
				INFOPLIST_KEY_CFBundleDisplayName = shareFiles;
				INFOPLIST_KEY_NSHumanReadableCopyright = "";
				IPHONEOS_DEPLOYMENT_TARGET = 15.0;
				LD_RUNPATH_SEARCH_PATHS = (
					"$(inherited)",
					"@executable_path/Frameworks",
					"@executable_path/../../Frameworks",
				);
				MARKETING_VERSION = 1.0;
				PRODUCT_BUNDLE_IDENTIFIER = prasanna.ContactList.shareFiles;
				PRODUCT_NAME = "$(TARGET_NAME)";
				SDKROOT = iphoneos;
				SKIP_INSTALL = YES;
				SWIFT_EMIT_LOC_STRINGS = YES;
				SWIFT_VERSION = 5.0;
				TARGETED_DEVICE_FAMILY = "1,2";
			};
			name = Debug;
		};
		D4586D5927CC84B200ADC528 /* Release */ = {
			isa = XCBuildConfiguration;
			buildSettings = {
				CODE_SIGN_ENTITLEMENTS = shareFiles/shareFiles.entitlements;
				CODE_SIGN_STYLE = Automatic;
				CURRENT_PROJECT_VERSION = 1;
				DEVELOPMENT_TEAM = NS8BS9W27G;
				GENERATE_INFOPLIST_FILE = YES;
				INFOPLIST_FILE = shareFiles/Info.plist;
				INFOPLIST_KEY_CFBundleDisplayName = shareFiles;
				INFOPLIST_KEY_NSHumanReadableCopyright = "";
				IPHONEOS_DEPLOYMENT_TARGET = 15.0;
				LD_RUNPATH_SEARCH_PATHS = (
					"$(inherited)",
					"@executable_path/Frameworks",
					"@executable_path/../../Frameworks",
				);
				MARKETING_VERSION = 1.0;
				PRODUCT_BUNDLE_IDENTIFIER = prasanna.ContactList.shareFiles;
				PRODUCT_NAME = "$(TARGET_NAME)";
				SDKROOT = iphoneos;
				SKIP_INSTALL = YES;
				SWIFT_EMIT_LOC_STRINGS = YES;
				SWIFT_VERSION = 5.0;
				TARGETED_DEVICE_FAMILY = "1,2";
				VALIDATE_PRODUCT = YES;
			};
			name = Release;
		};
		D4D2334D27A7CF8B00C8D3C6 /* Debug */ = {
			isa = XCBuildConfiguration;
			buildSettings = {
				ALWAYS_SEARCH_USER_PATHS = NO;
				CLANG_ANALYZER_NONNULL = YES;
				CLANG_ANALYZER_NUMBER_OBJECT_CONVERSION = YES_AGGRESSIVE;
				CLANG_CXX_LANGUAGE_STANDARD = "gnu++17";
				CLANG_CXX_LIBRARY = "libc++";
				CLANG_ENABLE_MODULES = YES;
				CLANG_ENABLE_OBJC_ARC = YES;
				CLANG_ENABLE_OBJC_WEAK = YES;
				CLANG_WARN_BLOCK_CAPTURE_AUTORELEASING = YES;
				CLANG_WARN_BOOL_CONVERSION = YES;
				CLANG_WARN_COMMA = YES;
				CLANG_WARN_CONSTANT_CONVERSION = YES;
				CLANG_WARN_DEPRECATED_OBJC_IMPLEMENTATIONS = YES;
				CLANG_WARN_DIRECT_OBJC_ISA_USAGE = YES_ERROR;
				CLANG_WARN_DOCUMENTATION_COMMENTS = YES;
				CLANG_WARN_EMPTY_BODY = YES;
				CLANG_WARN_ENUM_CONVERSION = YES;
				CLANG_WARN_INFINITE_RECURSION = YES;
				CLANG_WARN_INT_CONVERSION = YES;
				CLANG_WARN_NON_LITERAL_NULL_CONVERSION = YES;
				CLANG_WARN_OBJC_IMPLICIT_RETAIN_SELF = YES;
				CLANG_WARN_OBJC_LITERAL_CONVERSION = YES;
				CLANG_WARN_OBJC_ROOT_CLASS = YES_ERROR;
				CLANG_WARN_QUOTED_INCLUDE_IN_FRAMEWORK_HEADER = YES;
				CLANG_WARN_RANGE_LOOP_ANALYSIS = YES;
				CLANG_WARN_STRICT_PROTOTYPES = YES;
				CLANG_WARN_SUSPICIOUS_MOVE = YES;
				CLANG_WARN_UNGUARDED_AVAILABILITY = YES_AGGRESSIVE;
				CLANG_WARN_UNREACHABLE_CODE = YES;
				CLANG_WARN__DUPLICATE_METHOD_MATCH = YES;
				COPY_PHASE_STRIP = NO;
				DEBUG_INFORMATION_FORMAT = dwarf;
				ENABLE_STRICT_OBJC_MSGSEND = YES;
				ENABLE_TESTABILITY = YES;
				GCC_C_LANGUAGE_STANDARD = gnu11;
				GCC_DYNAMIC_NO_PIC = NO;
				GCC_NO_COMMON_BLOCKS = YES;
				GCC_OPTIMIZATION_LEVEL = 0;
				GCC_PREPROCESSOR_DEFINITIONS = (
					"DEBUG=1",
					"$(inherited)",
				);
				GCC_WARN_64_TO_32_BIT_CONVERSION = YES;
				GCC_WARN_ABOUT_RETURN_TYPE = YES_ERROR;
				GCC_WARN_UNDECLARED_SELECTOR = YES;
				GCC_WARN_UNINITIALIZED_AUTOS = YES_AGGRESSIVE;
				GCC_WARN_UNUSED_FUNCTION = YES;
				GCC_WARN_UNUSED_VARIABLE = YES;
				MTL_ENABLE_DEBUG_INFO = INCLUDE_SOURCE;
				MTL_FAST_MATH = YES;
				ONLY_ACTIVE_ARCH = YES;
				SWIFT_ACTIVE_COMPILATION_CONDITIONS = DEBUG;
				SWIFT_OPTIMIZATION_LEVEL = "-Onone";
			};
			name = Debug;
		};
		D4D2334E27A7CF8B00C8D3C6 /* Release */ = {
			isa = XCBuildConfiguration;
			buildSettings = {
				ALWAYS_SEARCH_USER_PATHS = NO;
				CLANG_ANALYZER_NONNULL = YES;
				CLANG_ANALYZER_NUMBER_OBJECT_CONVERSION = YES_AGGRESSIVE;
				CLANG_CXX_LANGUAGE_STANDARD = "gnu++17";
				CLANG_CXX_LIBRARY = "libc++";
				CLANG_ENABLE_MODULES = YES;
				CLANG_ENABLE_OBJC_ARC = YES;
				CLANG_ENABLE_OBJC_WEAK = YES;
				CLANG_WARN_BLOCK_CAPTURE_AUTORELEASING = YES;
				CLANG_WARN_BOOL_CONVERSION = YES;
				CLANG_WARN_COMMA = YES;
				CLANG_WARN_CONSTANT_CONVERSION = YES;
				CLANG_WARN_DEPRECATED_OBJC_IMPLEMENTATIONS = YES;
				CLANG_WARN_DIRECT_OBJC_ISA_USAGE = YES_ERROR;
				CLANG_WARN_DOCUMENTATION_COMMENTS = YES;
				CLANG_WARN_EMPTY_BODY = YES;
				CLANG_WARN_ENUM_CONVERSION = YES;
				CLANG_WARN_INFINITE_RECURSION = YES;
				CLANG_WARN_INT_CONVERSION = YES;
				CLANG_WARN_NON_LITERAL_NULL_CONVERSION = YES;
				CLANG_WARN_OBJC_IMPLICIT_RETAIN_SELF = YES;
				CLANG_WARN_OBJC_LITERAL_CONVERSION = YES;
				CLANG_WARN_OBJC_ROOT_CLASS = YES_ERROR;
				CLANG_WARN_QUOTED_INCLUDE_IN_FRAMEWORK_HEADER = YES;
				CLANG_WARN_RANGE_LOOP_ANALYSIS = YES;
				CLANG_WARN_STRICT_PROTOTYPES = YES;
				CLANG_WARN_SUSPICIOUS_MOVE = YES;
				CLANG_WARN_UNGUARDED_AVAILABILITY = YES_AGGRESSIVE;
				CLANG_WARN_UNREACHABLE_CODE = YES;
				CLANG_WARN__DUPLICATE_METHOD_MATCH = YES;
				COPY_PHASE_STRIP = NO;
				DEBUG_INFORMATION_FORMAT = "dwarf-with-dsym";
				ENABLE_NS_ASSERTIONS = NO;
				ENABLE_STRICT_OBJC_MSGSEND = YES;
				GCC_C_LANGUAGE_STANDARD = gnu11;
				GCC_NO_COMMON_BLOCKS = YES;
				GCC_WARN_64_TO_32_BIT_CONVERSION = YES;
				GCC_WARN_ABOUT_RETURN_TYPE = YES_ERROR;
				GCC_WARN_UNDECLARED_SELECTOR = YES;
				GCC_WARN_UNINITIALIZED_AUTOS = YES_AGGRESSIVE;
				GCC_WARN_UNUSED_FUNCTION = YES;
				GCC_WARN_UNUSED_VARIABLE = YES;
				MTL_ENABLE_DEBUG_INFO = NO;
				MTL_FAST_MATH = YES;
				SWIFT_COMPILATION_MODE = wholemodule;
				SWIFT_OPTIMIZATION_LEVEL = "-O";
			};
			name = Release;
		};
		D4D2335027A7CF8B00C8D3C6 /* Debug */ = {
			isa = XCBuildConfiguration;
			buildSettings = {
				ALWAYS_EMBED_SWIFT_STANDARD_LIBRARIES = YES;
				ASSETCATALOG_COMPILER_APPICON_NAME = AppIcon;
				ASSETCATALOG_COMPILER_GLOBAL_ACCENT_COLOR_NAME = AccentColor;
				CODE_SIGN_ENTITLEMENTS = "ContactList (iOS).entitlements";
				CODE_SIGN_STYLE = Automatic;
				CURRENT_PROJECT_VERSION = 1;
				DEVELOPMENT_TEAM = NS8BS9W27G;
				ENABLE_PREVIEWS = YES;
				GENERATE_INFOPLIST_FILE = YES;
				INFOPLIST_FILE = "ContactList--iOS--Info.plist";
				INFOPLIST_KEY_UIApplicationSceneManifest_Generation = YES;
				INFOPLIST_KEY_UIApplicationSupportsIndirectInputEvents = YES;
				INFOPLIST_KEY_UISupportedInterfaceOrientations_iPad = "UIInterfaceOrientationPortrait UIInterfaceOrientationPortraitUpsideDown UIInterfaceOrientationLandscapeLeft UIInterfaceOrientationLandscapeRight";
				INFOPLIST_KEY_UISupportedInterfaceOrientations_iPhone = "UIInterfaceOrientationPortrait UIInterfaceOrientationLandscapeLeft UIInterfaceOrientationLandscapeRight";
				IPHONEOS_DEPLOYMENT_TARGET = 15.0;
				LD_RUNPATH_SEARCH_PATHS = (
					"$(inherited)",
					"@executable_path/Frameworks",
				);
				MARKETING_VERSION = 1.0;
				PRODUCT_BUNDLE_IDENTIFIER = prasanna.ContactList;
				PRODUCT_NAME = ContactList;
				SDKROOT = iphoneos;
				SWIFT_EMIT_LOC_STRINGS = YES;
				SWIFT_VERSION = 5.0;
				TARGETED_DEVICE_FAMILY = "1,2";
			};
			name = Debug;
		};
		D4D2335127A7CF8B00C8D3C6 /* Release */ = {
			isa = XCBuildConfiguration;
			buildSettings = {
				ALWAYS_EMBED_SWIFT_STANDARD_LIBRARIES = YES;
				ASSETCATALOG_COMPILER_APPICON_NAME = AppIcon;
				ASSETCATALOG_COMPILER_GLOBAL_ACCENT_COLOR_NAME = AccentColor;
				CODE_SIGN_ENTITLEMENTS = "ContactList (iOS).entitlements";
				CODE_SIGN_STYLE = Automatic;
				CURRENT_PROJECT_VERSION = 1;
				DEVELOPMENT_TEAM = NS8BS9W27G;
				ENABLE_PREVIEWS = YES;
				GENERATE_INFOPLIST_FILE = YES;
				INFOPLIST_FILE = "ContactList--iOS--Info.plist";
				INFOPLIST_KEY_UIApplicationSceneManifest_Generation = YES;
				INFOPLIST_KEY_UIApplicationSupportsIndirectInputEvents = YES;
				INFOPLIST_KEY_UISupportedInterfaceOrientations_iPad = "UIInterfaceOrientationPortrait UIInterfaceOrientationPortraitUpsideDown UIInterfaceOrientationLandscapeLeft UIInterfaceOrientationLandscapeRight";
				INFOPLIST_KEY_UISupportedInterfaceOrientations_iPhone = "UIInterfaceOrientationPortrait UIInterfaceOrientationLandscapeLeft UIInterfaceOrientationLandscapeRight";
				IPHONEOS_DEPLOYMENT_TARGET = 15.0;
				LD_RUNPATH_SEARCH_PATHS = (
					"$(inherited)",
					"@executable_path/Frameworks",
				);
				MARKETING_VERSION = 1.0;
				PRODUCT_BUNDLE_IDENTIFIER = prasanna.ContactList;
				PRODUCT_NAME = ContactList;
				SDKROOT = iphoneos;
				SWIFT_EMIT_LOC_STRINGS = YES;
				SWIFT_VERSION = 5.0;
				TARGETED_DEVICE_FAMILY = "1,2";
				VALIDATE_PRODUCT = YES;
			};
			name = Release;
		};
		D4D2335327A7CF8B00C8D3C6 /* Debug */ = {
			isa = XCBuildConfiguration;
			buildSettings = {
				ASSETCATALOG_COMPILER_APPICON_NAME = AppIcon;
				ASSETCATALOG_COMPILER_GLOBAL_ACCENT_COLOR_NAME = AccentColor;
				CODE_SIGN_ENTITLEMENTS = macOS/macOS.entitlements;
				CODE_SIGN_STYLE = Automatic;
				COMBINE_HIDPI_IMAGES = YES;
				CURRENT_PROJECT_VERSION = 1;
				ENABLE_PREVIEWS = YES;
				GENERATE_INFOPLIST_FILE = YES;
				INFOPLIST_KEY_NSHumanReadableCopyright = "";
				LD_RUNPATH_SEARCH_PATHS = (
					"$(inherited)",
					"@executable_path/../Frameworks",
				);
				MACOSX_DEPLOYMENT_TARGET = 11.6;
				MARKETING_VERSION = 1.0;
				PRODUCT_BUNDLE_IDENTIFIER = prasanna.ContactList;
				PRODUCT_NAME = ContactList;
				SDKROOT = macosx;
				SWIFT_EMIT_LOC_STRINGS = YES;
				SWIFT_VERSION = 5.0;
			};
			name = Debug;
		};
		D4D2335427A7CF8B00C8D3C6 /* Release */ = {
			isa = XCBuildConfiguration;
			buildSettings = {
				ASSETCATALOG_COMPILER_APPICON_NAME = AppIcon;
				ASSETCATALOG_COMPILER_GLOBAL_ACCENT_COLOR_NAME = AccentColor;
				CODE_SIGN_ENTITLEMENTS = macOS/macOS.entitlements;
				CODE_SIGN_STYLE = Automatic;
				COMBINE_HIDPI_IMAGES = YES;
				CURRENT_PROJECT_VERSION = 1;
				ENABLE_PREVIEWS = YES;
				GENERATE_INFOPLIST_FILE = YES;
				INFOPLIST_KEY_NSHumanReadableCopyright = "";
				LD_RUNPATH_SEARCH_PATHS = (
					"$(inherited)",
					"@executable_path/../Frameworks",
				);
				MACOSX_DEPLOYMENT_TARGET = 11.6;
				MARKETING_VERSION = 1.0;
				PRODUCT_BUNDLE_IDENTIFIER = prasanna.ContactList;
				PRODUCT_NAME = ContactList;
				SDKROOT = macosx;
				SWIFT_EMIT_LOC_STRINGS = YES;
				SWIFT_VERSION = 5.0;
			};
			name = Release;
		};
/* End XCBuildConfiguration section */

/* Begin XCConfigurationList section */
		D4586D5727CC84B200ADC528 /* Build configuration list for PBXNativeTarget "shareFiles" */ = {
			isa = XCConfigurationList;
			buildConfigurations = (
				D4586D5827CC84B200ADC528 /* Debug */,
				D4586D5927CC84B200ADC528 /* Release */,
			);
			defaultConfigurationIsVisible = 0;
			defaultConfigurationName = Release;
		};
		D4D2333527A7CF8700C8D3C6 /* Build configuration list for PBXProject "ContactList" */ = {
			isa = XCConfigurationList;
			buildConfigurations = (
				D4D2334D27A7CF8B00C8D3C6 /* Debug */,
				D4D2334E27A7CF8B00C8D3C6 /* Release */,
			);
			defaultConfigurationIsVisible = 0;
			defaultConfigurationName = Release;
		};
		D4D2334F27A7CF8B00C8D3C6 /* Build configuration list for PBXNativeTarget "ContactList (iOS)" */ = {
			isa = XCConfigurationList;
			buildConfigurations = (
				D4D2335027A7CF8B00C8D3C6 /* Debug */,
				D4D2335127A7CF8B00C8D3C6 /* Release */,
			);
			defaultConfigurationIsVisible = 0;
			defaultConfigurationName = Release;
		};
		D4D2335227A7CF8B00C8D3C6 /* Build configuration list for PBXNativeTarget "ContactList (macOS)" */ = {
			isa = XCConfigurationList;
			buildConfigurations = (
				D4D2335327A7CF8B00C8D3C6 /* Debug */,
				D4D2335427A7CF8B00C8D3C6 /* Release */,
			);
			defaultConfigurationIsVisible = 0;
			defaultConfigurationName = Release;
		};
/* End XCConfigurationList section */

/* Begin XCRemoteSwiftPackageReference section */
		D429119827CF428300BE3583 /* XCRemoteSwiftPackageReference "Alamofire" */ = {
			isa = XCRemoteSwiftPackageReference;
			repositoryURL = "https://github.com/Alamofire/Alamofire.git";
			requirement = {
				kind = upToNextMajorVersion;
				minimumVersion = 5.5.0;
			};
		};
/* End XCRemoteSwiftPackageReference section */

/* Begin XCSwiftPackageProductDependency section */
		D429119927CF428300BE3583 /* Alamofire */ = {
			isa = XCSwiftPackageProductDependency;
			package = D429119827CF428300BE3583 /* XCRemoteSwiftPackageReference "Alamofire" */;
			productName = Alamofire;
		};
/* End XCSwiftPackageProductDependency section */

/* Begin XCVersionGroup section */
		D4F4E87C27D8D4D3001814C5 /* ContactList.xcdatamodeld */ = {
			isa = XCVersionGroup;
			children = (
				D4F4E87D27D8D4D3001814C5 /* ContactList.xcdatamodel */,
			);
			currentVersion = D4F4E87D27D8D4D3001814C5 /* ContactList.xcdatamodel */;
			name = ContactList.xcdatamodeld;
			path = "../../../../Desktop/contactList_SwiftUI copy/Shared/coreDataModel/ContactList.xcdatamodeld";
			sourceTree = "<group>";
			versionGroupType = wrapper.xcdatamodel;
		};
/* End XCVersionGroup section */
	};
	rootObject = D4D2333227A7CF8700C8D3C6 /* Project object */;
}
